// !$*UTF8*$!
{
	archiveVersion = 1;
	classes = {
	};
	objectVersion = 46;
	objects = {

/* Begin PBXAggregateTarget section */
		5C0467C3E93B46CC852868AC /* ALL_BUILD */ = {
			isa = PBXAggregateTarget;
			buildConfigurationList = 79ED7E9312BD408FB4BCD973 /* Build configuration list for PBXAggregateTarget "ALL_BUILD" */;
			buildPhases = (
			);
			dependencies = (
				17CE7BEF39D54824B977B44D /* PBXTargetDependency */,
				BF4898432A1145659B964ABE /* PBXTargetDependency */,
				8C9D8E2A24774B309A5266C2 /* PBXTargetDependency */,
				61A03D9D04684EE48F8BCF26 /* PBXTargetDependency */,
				F59F6DF82C564F6EA4033756 /* PBXTargetDependency */,
				A5539C8F0602487C8F6E6D81 /* PBXTargetDependency */,
				03A2AE332B5A4188BE6F28A6 /* PBXTargetDependency */,
				499FE5D875D34C5ABEEE0376 /* PBXTargetDependency */,
				CD1A5306631C4408A23216DE /* PBXTargetDependency */,
			);
			name = ALL_BUILD;
			productName = ALL_BUILD;
		};
		6D712FEA26E042A697BF7D64 /* RUN_TESTS */ = {
			isa = PBXAggregateTarget;
			buildConfigurationList = C3539FB164404E929CDAE3AE /* Build configuration list for PBXAggregateTarget "RUN_TESTS" */;
			buildPhases = (
			);
			dependencies = (
			);
			name = RUN_TESTS;
			productName = RUN_TESTS;
		};
		915B6C4966C344069117AD8D /* ZERO_CHECK */ = {
			isa = PBXAggregateTarget;
			buildConfigurationList = 83F94C355D264FAF81EEC948 /* Build configuration list for PBXAggregateTarget "ZERO_CHECK" */;
			buildPhases = (
			);
			dependencies = (
			);
			name = ZERO_CHECK;
			productName = ZERO_CHECK;
		};
/* End PBXAggregateTarget section */

/* Begin PBXBuildFile section */
		0642554A4D1C40E1AB3FFFAF /* spam_classification.cpp in Sources */ = {isa = PBXBuildFile; fileRef = 53FEA1C8C48D4A3991488C50 /* spam_classification.cpp */; settings = {COMPILER_FLAGS = ""; }; };
		0F6AF55EC2F44A99906A5661 /* rsa.cpp in Sources */ = {isa = PBXBuildFile; fileRef = 8ADBE2C358E343C69E091FAB /* rsa.cpp */; settings = {COMPILER_FLAGS = ""; }; };
		1F17BA7565274287A1B16C0D /* NaiveBayesClassifier.cpp in Sources */ = {isa = PBXBuildFile; fileRef = 4E4C1D03FC72435ABCA05168 /* NaiveBayesClassifier.cpp */; settings = {COMPILER_FLAGS = ""; }; };
		5C91A7027775479CA30C80F9 /* alpaca_sort_test.cpp in Sources */ = {isa = PBXBuildFile; fileRef = 7D630AFD1B124F598B35CC5D /* alpaca_sort_test.cpp */; settings = {COMPILER_FLAGS = ""; }; };
		6AA7F8A1E92F4146A0AC6D91 /* test_build.cpp in Sources */ = {isa = PBXBuildFile; fileRef = E21B4161DC6D40BB85969E0D /* test_build.cpp */; settings = {COMPILER_FLAGS = ""; }; };
		770662D9C3F341D597A9915F /* sort_test.cpp in Sources */ = {isa = PBXBuildFile; fileRef = ED36E8A4B24E4A2CB08C6373 /* sort_test.cpp */; settings = {COMPILER_FLAGS = ""; }; };
		98559E638DCD4614BBF7D7D0 /* Cryptography.cpp in Sources */ = {isa = PBXBuildFile; fileRef = C399A04C6FFD4B45810B8C0C /* Cryptography.cpp */; settings = {COMPILER_FLAGS = ""; }; };
		B2A723F5B85146ABA42BDB1B /* MersenneTwister.cpp in Sources */ = {isa = PBXBuildFile; fileRef = 1856F224544843918661A3E1 /* MersenneTwister.cpp */; settings = {COMPILER_FLAGS = ""; }; };
		E752BF42802A4E42A631A553 /* mersenne_twister.cpp in Sources */ = {isa = PBXBuildFile; fileRef = CB7BFCCE732843589CEBCCBB /* mersenne_twister.cpp */; settings = {COMPILER_FLAGS = ""; }; };
		F78B6D374D3A4325B464DC71 /* main.cpp in Sources */ = {isa = PBXBuildFile; fileRef = CD07EF856E7C4327AF73F94B /* main.cpp */; settings = {COMPILER_FLAGS = ""; }; };
		FE437AC931164BFAB359D502 /* sort_benchmark.cpp in Sources */ = {isa = PBXBuildFile; fileRef = 3F0E044DF01045D6B79AD297 /* sort_benchmark.cpp */; settings = {COMPILER_FLAGS = ""; }; };
/* End PBXBuildFile section */

/* Begin PBXContainerItemProxy section */
		04BC1A3914554B2C870DBBBD /* PBXContainerItemProxy */ = {
			isa = PBXContainerItemProxy;
			containerPortal = 1B8B8D9E8A8F44D39418EDBB /* Project object */;
			proxyType = 1;
			remoteGlobalIDString = 9B056BD5FFFB42C0921B83AA;
			remoteInfo = rsa;
		};
		0D313DBC5D734F65A654F29F /* PBXContainerItemProxy */ = {
			isa = PBXContainerItemProxy;
			containerPortal = 1B8B8D9E8A8F44D39418EDBB /* Project object */;
			proxyType = 1;
			remoteGlobalIDString = A221924055604332BC12B6D5;
			remoteInfo = test_build;
		};
		187D8225A18E4E4AA521E5B3 /* PBXContainerItemProxy */ = {
			isa = PBXContainerItemProxy;
			containerPortal = 1B8B8D9E8A8F44D39418EDBB /* Project object */;
			proxyType = 1;
			remoteGlobalIDString = F0FBAEEDCE5147339C4BB078;
			remoteInfo = llama;
		};
		1A98CD607C6C48DEBFDC876D /* PBXContainerItemProxy */ = {
			isa = PBXContainerItemProxy;
			containerPortal = 1B8B8D9E8A8F44D39418EDBB /* Project object */;
			proxyType = 1;
			remoteGlobalIDString = F0FBAEEDCE5147339C4BB078;
			remoteInfo = llama;
		};
		1D78EDDE212B43A0A83F8FFA /* PBXContainerItemProxy */ = {
			isa = PBXContainerItemProxy;
			containerPortal = 1B8B8D9E8A8F44D39418EDBB /* Project object */;
			proxyType = 1;
			remoteGlobalIDString = 81E5CC5B921646EA952D0603;
			remoteInfo = sort_test;
		};
		21F01F62C68F4F0393F1CE39 /* PBXContainerItemProxy */ = {
			isa = PBXContainerItemProxy;
			containerPortal = 1B8B8D9E8A8F44D39418EDBB /* Project object */;
			proxyType = 1;
			remoteGlobalIDString = F0FBAEEDCE5147339C4BB078;
			remoteInfo = llama;
		};
		42D72A2278FD48D694F811B3 /* PBXContainerItemProxy */ = {
			isa = PBXContainerItemProxy;
			containerPortal = 1B8B8D9E8A8F44D39418EDBB /* Project object */;
			proxyType = 1;
			remoteGlobalIDString = E7762FB4BF5F4D9A9346D350;
			remoteInfo = mersenne_twister;
		};
		42E15C2FB8D44A07AEDF2148 /* PBXContainerItemProxy */ = {
			isa = PBXContainerItemProxy;
			containerPortal = 1B8B8D9E8A8F44D39418EDBB /* Project object */;
			proxyType = 1;
			remoteGlobalIDString = DA01A9E160C7430395B22591;
			remoteInfo = spam_classification;
		};
		741A420796244E2B852B475B /* PBXContainerItemProxy */ = {
			isa = PBXContainerItemProxy;
			containerPortal = 1B8B8D9E8A8F44D39418EDBB /* Project object */;
			proxyType = 1;
			remoteGlobalIDString = F0FBAEEDCE5147339C4BB078;
			remoteInfo = llama;
		};
		79D00A261A574BA58D3B2ED3 /* PBXContainerItemProxy */ = {
			isa = PBXContainerItemProxy;
			containerPortal = 1B8B8D9E8A8F44D39418EDBB /* Project object */;
			proxyType = 1;
			remoteGlobalIDString = F0FBAEEDCE5147339C4BB078;
			remoteInfo = llama;
		};
		AAD7F237ED724C629A75122C /* PBXContainerItemProxy */ = {
			isa = PBXContainerItemProxy;
			containerPortal = 1B8B8D9E8A8F44D39418EDBB /* Project object */;
			proxyType = 1;
			remoteGlobalIDString = F0FBAEEDCE5147339C4BB078;
			remoteInfo = llama;
		};
		AE2812A98F1C46D6B75966F8 /* PBXContainerItemProxy */ = {
			isa = PBXContainerItemProxy;
			containerPortal = 1B8B8D9E8A8F44D39418EDBB /* Project object */;
			proxyType = 1;
			remoteGlobalIDString = 2D748A76EC794BD882F57FD0;
			remoteInfo = sort_benchmark;
		};
		C6CCBA5907D04747951AC9B9 /* PBXContainerItemProxy */ = {
			isa = PBXContainerItemProxy;
			containerPortal = 1B8B8D9E8A8F44D39418EDBB /* Project object */;
			proxyType = 1;
			remoteGlobalIDString = F0FBAEEDCE5147339C4BB078;
			remoteInfo = llama;
		};
		C913FF9DAAB64AD7A2F20532 /* PBXContainerItemProxy */ = {
			isa = PBXContainerItemProxy;
			containerPortal = 1B8B8D9E8A8F44D39418EDBB /* Project object */;
			proxyType = 1;
			remoteGlobalIDString = F0FBAEEDCE5147339C4BB078;
			remoteInfo = llama;
		};
		CAF915BFECB542F681DA6A9D /* PBXContainerItemProxy */ = {
			isa = PBXContainerItemProxy;
			containerPortal = 1B8B8D9E8A8F44D39418EDBB /* Project object */;
			proxyType = 1;
			remoteGlobalIDString = 5EC6418BDA534063BDB53457;
			remoteInfo = alpaca_sort_test;
		};
		DDF4CAEB235A4E7C863DCBE8 /* PBXContainerItemProxy */ = {
			isa = PBXContainerItemProxy;
			containerPortal = 1B8B8D9E8A8F44D39418EDBB /* Project object */;
			proxyType = 1;
			remoteGlobalIDString = E23F19180C144F6DB5A1604F;
			remoteInfo = kmeans;
		};
		E3B1656BF62B4AF3B89B65E7 /* PBXContainerItemProxy */ = {
			isa = PBXContainerItemProxy;
			containerPortal = 1B8B8D9E8A8F44D39418EDBB /* Project object */;
			proxyType = 1;
			remoteGlobalIDString = F0FBAEEDCE5147339C4BB078;
			remoteInfo = llama;
		};
/* End PBXContainerItemProxy section */

/* Begin PBXFileReference section */
		1856F224544843918661A3E1 /* MersenneTwister.cpp */ = {isa = PBXFileReference; explicitFileType = sourcecode.cpp.cpp; fileEncoding = 4; name = MersenneTwister.cpp; path = src/RNG/MersenneTwister.cpp; sourceTree = SOURCE_ROOT; };
		249E0258E7D244E18206E6C3 /* CMakeLists.txt */ = {isa = PBXFileReference; explicitFileType = sourcecode.text; fileEncoding = 4; lastKnownFileType = text; path = CMakeLists.txt; sourceTree = SOURCE_ROOT; };
		2AA52A771F6E42FABCEB9DD1 /* kmeans */ = {isa = PBXFileReference; explicitFileType = "compiled.mach-o.executable"; path = kmeans; sourceTree = BUILT_PRODUCTS_DIR; };
		3217B8D31C434363A08E20AF /* alpaca_sort_test */ = {isa = PBXFileReference; explicitFileType = "compiled.mach-o.executable"; path = alpaca_sort_test; sourceTree = BUILT_PRODUCTS_DIR; };
		33066A6BD39C46A6A926B003 /* sort_benchmark */ = {isa = PBXFileReference; explicitFileType = "compiled.mach-o.executable"; path = sort_benchmark; sourceTree = BUILT_PRODUCTS_DIR; };
		3EF577BE1A9D481F8062983B /* CMakeLists.txt */ = {isa = PBXFileReference; explicitFileType = sourcecode.text; fileEncoding = 4; lastKnownFileType = text; path = CMakeLists.txt; sourceTree = SOURCE_ROOT; };
		3F0E044DF01045D6B79AD297 /* sort_benchmark.cpp */ = {isa = PBXFileReference; explicitFileType = sourcecode.cpp.cpp; fileEncoding = 4; name = sort_benchmark.cpp; path = benchmark/sort_benchmark/sort_benchmark.cpp; sourceTree = SOURCE_ROOT; };
		4E4C1D03FC72435ABCA05168 /* NaiveBayesClassifier.cpp */ = {isa = PBXFileReference; explicitFileType = sourcecode.cpp.cpp; fileEncoding = 4; name = NaiveBayesClassifier.cpp; path = src/ML/NaiveBayesClassifier.cpp; sourceTree = SOURCE_ROOT; };
		52B25278DB5F4BF1828050B2 /* CMakeLists.txt */ = {isa = PBXFileReference; explicitFileType = sourcecode.text; fileEncoding = 4; lastKnownFileType = text; path = CMakeLists.txt; sourceTree = SOURCE_ROOT; };
		53B8F2DEF8344965901FC221 /* libllama.a */ = {isa = PBXFileReference; explicitFileType = archive.ar; path = libllama.a; sourceTree = BUILT_PRODUCTS_DIR; };
		53FEA1C8C48D4A3991488C50 /* spam_classification.cpp */ = {isa = PBXFileReference; explicitFileType = sourcecode.cpp.cpp; fileEncoding = 4; name = spam_classification.cpp; path = example/spam_classification/spam_classification.cpp; sourceTree = SOURCE_ROOT; };
		5B843F111E7140E3BB236803 /* sort_test */ = {isa = PBXFileReference; explicitFileType = "compiled.mach-o.executable"; path = sort_test; sourceTree = BUILT_PRODUCTS_DIR; };
		69C572385FA54A70BC13DFA9 /* test_build */ = {isa = PBXFileReference; explicitFileType = "compiled.mach-o.executable"; path = test_build; sourceTree = BUILT_PRODUCTS_DIR; };
		6F07866F354E423C91079985 /* CMakeLists.txt */ = {isa = PBXFileReference; explicitFileType = sourcecode.text; fileEncoding = 4; lastKnownFileType = text; path = CMakeLists.txt; sourceTree = SOURCE_ROOT; };
		7D630AFD1B124F598B35CC5D /* alpaca_sort_test.cpp */ = {isa = PBXFileReference; explicitFileType = sourcecode.cpp.cpp; fileEncoding = 4; name = alpaca_sort_test.cpp; path = example/alpaca_sort_test/alpaca_sort_test.cpp; sourceTree = SOURCE_ROOT; };
		8ADBE2C358E343C69E091FAB /* rsa.cpp */ = {isa = PBXFileReference; explicitFileType = sourcecode.cpp.cpp; fileEncoding = 4; name = rsa.cpp; path = example/rsa/rsa.cpp; sourceTree = SOURCE_ROOT; };
		A3CE9BD8ED7B4235A9DD026F /* CMakeLists.txt */ = {isa = PBXFileReference; explicitFileType = sourcecode.text; fileEncoding = 4; lastKnownFileType = text; path = CMakeLists.txt; sourceTree = SOURCE_ROOT; };
		A609D81C4D7E4DFAB12869B0 /* CMakeLists.txt */ = {isa = PBXFileReference; explicitFileType = sourcecode.text; fileEncoding = 4; lastKnownFileType = text; path = CMakeLists.txt; sourceTree = SOURCE_ROOT; };
		B6BFC29733EF4388BFDD5013 /* rsa */ = {isa = PBXFileReference; explicitFileType = "compiled.mach-o.executable"; path = rsa; sourceTree = BUILT_PRODUCTS_DIR; };
		BB35CBC2CEC845548FBF9879 /* CMakeLists.txt */ = {isa = PBXFileReference; explicitFileType = sourcecode.text; fileEncoding = 4; lastKnownFileType = text; path = CMakeLists.txt; sourceTree = SOURCE_ROOT; };
		C399A04C6FFD4B45810B8C0C /* Cryptography.cpp */ = {isa = PBXFileReference; explicitFileType = sourcecode.cpp.cpp; fileEncoding = 4; name = Cryptography.cpp; path = src/Cryptography/Cryptography.cpp; sourceTree = SOURCE_ROOT; };
		C61A49D47079479ABCDCC386 /* CMakeLists.txt */ = {isa = PBXFileReference; explicitFileType = sourcecode.text; fileEncoding = 4; lastKnownFileType = text; path = CMakeLists.txt; sourceTree = SOURCE_ROOT; };
		C751AA8ACFED41CFBEB78A69 /* spam_classification */ = {isa = PBXFileReference; explicitFileType = "compiled.mach-o.executable"; path = spam_classification; sourceTree = BUILT_PRODUCTS_DIR; };
		CB7BFCCE732843589CEBCCBB /* mersenne_twister.cpp */ = {isa = PBXFileReference; explicitFileType = sourcecode.cpp.cpp; fileEncoding = 4; name = mersenne_twister.cpp; path = example/mersenne_twister/mersenne_twister.cpp; sourceTree = SOURCE_ROOT; };
		CD07EF856E7C4327AF73F94B /* main.cpp */ = {isa = PBXFileReference; explicitFileType = sourcecode.cpp.cpp; fileEncoding = 4; name = main.cpp; path = example/kmeans/main.cpp; sourceTree = SOURCE_ROOT; };
		D39696ADE01241529766859E /* CMakeLists.txt */ = {isa = PBXFileReference; explicitFileType = sourcecode.text; fileEncoding = 4; lastKnownFileType = text; path = CMakeLists.txt; sourceTree = SOURCE_ROOT; };
		E07F98D274A54E9485FF933C /* CMakeLists.txt */ = {isa = PBXFileReference; explicitFileType = sourcecode.text; fileEncoding = 4; lastKnownFileType = text; path = CMakeLists.txt; sourceTree = SOURCE_ROOT; };
		E21B4161DC6D40BB85969E0D /* test_build.cpp */ = {isa = PBXFileReference; explicitFileType = sourcecode.cpp.cpp; fileEncoding = 4; name = test_build.cpp; path = example/test_build/test_build.cpp; sourceTree = SOURCE_ROOT; };
		E5C9AC7B7B5D4850A7B22DF7 /* CMakeLists.txt */ = {isa = PBXFileReference; explicitFileType = sourcecode.text; fileEncoding = 4; lastKnownFileType = text; path = CMakeLists.txt; sourceTree = SOURCE_ROOT; };
		ED36E8A4B24E4A2CB08C6373 /* sort_test.cpp */ = {isa = PBXFileReference; explicitFileType = sourcecode.cpp.cpp; fileEncoding = 4; name = sort_test.cpp; path = example/sort_test/sort_test.cpp; sourceTree = SOURCE_ROOT; };
		FF81635771DE4A3880ECAC44 /* mersenne_twister */ = {isa = PBXFileReference; explicitFileType = "compiled.mach-o.executable"; path = mersenne_twister; sourceTree = BUILT_PRODUCTS_DIR; };
/* End PBXFileReference section */

/* Begin PBXGroup section */
		0DA8E5F0F15E4BF2B826FB69 /* mersenne_twister */ = {
			isa = PBXGroup;
			children = (
				3B3B37C9552741079560DB11 /* Source Files */,
				C61A49D47079479ABCDCC386 /* CMakeLists.txt */,
			);
			name = mersenne_twister;
			sourceTree = "<group>";
		};
		0DBD8290769C402F9DFA3FBC /* test_build */ = {
			isa = PBXGroup;
			children = (
				B19A61F0C44A4A6C85EF0EFD /* Source Files */,
				E5C9AC7B7B5D4850A7B22DF7 /* CMakeLists.txt */,
			);
			name = test_build;
			sourceTree = "<group>";
		};
		22C132E8C2F64BBB98CBA127 /* Products */ = {
			isa = PBXGroup;
			children = (
				B6BFC29733EF4388BFDD5013 /* rsa */,
				FF81635771DE4A3880ECAC44 /* mersenne_twister */,
				C751AA8ACFED41CFBEB78A69 /* spam_classification */,
				53B8F2DEF8344965901FC221 /* libllama.a */,
				33066A6BD39C46A6A926B003 /* sort_benchmark */,
				3217B8D31C434363A08E20AF /* alpaca_sort_test */,
				5B843F111E7140E3BB236803 /* sort_test */,
				2AA52A771F6E42FABCEB9DD1 /* kmeans */,
				69C572385FA54A70BC13DFA9 /* test_build */,
			);
			name = Products;
			sourceTree = "<group>";
		};
		24A73515A5CD4C96B635EE1B /* Source Files */ = {
			isa = PBXGroup;
			children = (
				53FEA1C8C48D4A3991488C50 /* spam_classification.cpp */,
			);
			name = "Source Files";
			sourceTree = "<group>";
		};
		3B3B37C9552741079560DB11 /* Source Files */ = {
			isa = PBXGroup;
			children = (
				CB7BFCCE732843589CEBCCBB /* mersenne_twister.cpp */,
			);
			name = "Source Files";
			sourceTree = "<group>";
		};
		42FCF73B2EFD4FA4A6A674A0 /* spam_classification */ = {
			isa = PBXGroup;
			children = (
				24A73515A5CD4C96B635EE1B /* Source Files */,
				52B25278DB5F4BF1828050B2 /* CMakeLists.txt */,
			);
			name = spam_classification;
			sourceTree = "<group>";
		};
		4CFFD046CD4B4C7F810B10E8 /* sort_benchmark */ = {
			isa = PBXGroup;
			children = (
				66107879F96B4D6CA1076D5F /* Source Files */,
				A609D81C4D7E4DFAB12869B0 /* CMakeLists.txt */,
			);
			name = sort_benchmark;
			sourceTree = "<group>";
		};
		5E63AC23BC534A008D51857C /* llama */ = {
			isa = PBXGroup;
			children = (
				8651EC9E2876432E9967A0EB /* Source Files */,
				D39696ADE01241529766859E /* CMakeLists.txt */,
			);
			name = llama;
			sourceTree = "<group>";
		};
		66107879F96B4D6CA1076D5F /* Source Files */ = {
			isa = PBXGroup;
			children = (
				3F0E044DF01045D6B79AD297 /* sort_benchmark.cpp */,
			);
			name = "Source Files";
			sourceTree = "<group>";
		};
		661B14F145F6421F8B2A37E3 /* ZERO_CHECK */ = {
			isa = PBXGroup;
			children = (
				BC61809086B24E92B5ECACF7 /* CMake Rules */,
				BB35CBC2CEC845548FBF9879 /* CMakeLists.txt */,
			);
			name = ZERO_CHECK;
			sourceTree = "<group>";
		};
		6938A2405E8A42808C2583CA /* Source Files */ = {
			isa = PBXGroup;
			children = (
				7D630AFD1B124F598B35CC5D /* alpaca_sort_test.cpp */,
			);
			name = "Source Files";
			sourceTree = "<group>";
		};
		70AA91E41AD94ABF831BA996 /* Resources */ = {
			isa = PBXGroup;
			children = (
			);
			name = Resources;
			sourceTree = "<group>";
		};
		8651EC9E2876432E9967A0EB /* Source Files */ = {
			isa = PBXGroup;
			children = (
				C399A04C6FFD4B45810B8C0C /* Cryptography.cpp */,
				4E4C1D03FC72435ABCA05168 /* NaiveBayesClassifier.cpp */,
				1856F224544843918661A3E1 /* MersenneTwister.cpp */,
			);
			name = "Source Files";
			sourceTree = "<group>";
		};
		94A99548E1AE4D2AA3983D13 /* kmeans */ = {
			isa = PBXGroup;
			children = (
				D84C7280194F4F4D9125A405 /* Source Files */,
				249E0258E7D244E18206E6C3 /* CMakeLists.txt */,
			);
			name = kmeans;
			sourceTree = "<group>";
		};
		95EBFD06D02E45D488A3B0EA /* alpaca_sort_test */ = {
			isa = PBXGroup;
			children = (
				6938A2405E8A42808C2583CA /* Source Files */,
				E07F98D274A54E9485FF933C /* CMakeLists.txt */,
			);
			name = alpaca_sort_test;
			sourceTree = "<group>";
		};
		A470B2F6FA0042C6B1F911D4 /* ALL_BUILD */ = {
			isa = PBXGroup;
			children = (
				C02DD77A293C44078A38E7EE /* CMake Rules */,
				A3CE9BD8ED7B4235A9DD026F /* CMakeLists.txt */,
			);
			name = ALL_BUILD;
			sourceTree = "<group>";
		};
		AF3C549F21A84D0D8B61141D /* rsa */ = {
			isa = PBXGroup;
			children = (
				CB5AC832FA9841DF9E93E9E9 /* Source Files */,
				6F07866F354E423C91079985 /* CMakeLists.txt */,
			);
			name = rsa;
			sourceTree = "<group>";
		};
		B19A61F0C44A4A6C85EF0EFD /* Source Files */ = {
			isa = PBXGroup;
			children = (
				E21B4161DC6D40BB85969E0D /* test_build.cpp */,
			);
			name = "Source Files";
			sourceTree = "<group>";
		};
		B810C72D62CF406EB26A858D /* Source Files */ = {
			isa = PBXGroup;
			children = (
				ED36E8A4B24E4A2CB08C6373 /* sort_test.cpp */,
			);
			name = "Source Files";
			sourceTree = "<group>";
		};
		BC61809086B24E92B5ECACF7 /* CMake Rules */ = {
			isa = PBXGroup;
			children = (
			);
			name = "CMake Rules";
			sourceTree = "<group>";
		};
		C02DD77A293C44078A38E7EE /* CMake Rules */ = {
			isa = PBXGroup;
			children = (
			);
			name = "CMake Rules";
			sourceTree = "<group>";
		};
		CB5AC832FA9841DF9E93E9E9 /* Source Files */ = {
			isa = PBXGroup;
			children = (
				8ADBE2C358E343C69E091FAB /* rsa.cpp */,
			);
			name = "Source Files";
			sourceTree = "<group>";
		};
		D6B3F28B71FF434B90B94C02 /* Sources */ = {
			isa = PBXGroup;
			children = (
				AF3C549F21A84D0D8B61141D /* rsa */,
				0DA8E5F0F15E4BF2B826FB69 /* mersenne_twister */,
				42FCF73B2EFD4FA4A6A674A0 /* spam_classification */,
				A470B2F6FA0042C6B1F911D4 /* ALL_BUILD */,
				5E63AC23BC534A008D51857C /* llama */,
				4CFFD046CD4B4C7F810B10E8 /* sort_benchmark */,
				95EBFD06D02E45D488A3B0EA /* alpaca_sort_test */,
				E335542B79E349398748E7D0 /* sort_test */,
				661B14F145F6421F8B2A37E3 /* ZERO_CHECK */,
				94A99548E1AE4D2AA3983D13 /* kmeans */,
				0DBD8290769C402F9DFA3FBC /* test_build */,
			);
			name = Sources;
			sourceTree = "<group>";
		};
		D84C7280194F4F4D9125A405 /* Source Files */ = {
			isa = PBXGroup;
			children = (
				CD07EF856E7C4327AF73F94B /* main.cpp */,
			);
			name = "Source Files";
			sourceTree = "<group>";
		};
		E335542B79E349398748E7D0 /* sort_test */ = {
			isa = PBXGroup;
			children = (
				B810C72D62CF406EB26A858D /* Source Files */,
				3EF577BE1A9D481F8062983B /* CMakeLists.txt */,
			);
			name = sort_test;
			sourceTree = "<group>";
		};
		F297CD78340E4250BF1321B5 = {
			isa = PBXGroup;
			children = (
				D6B3F28B71FF434B90B94C02 /* Sources */,
				70AA91E41AD94ABF831BA996 /* Resources */,
				22C132E8C2F64BBB98CBA127 /* Products */,
			);
			sourceTree = "<group>";
		};
/* End PBXGroup section */

/* Begin PBXNativeTarget section */
		2D748A76EC794BD882F57FD0 /* sort_benchmark */ = {
			isa = PBXNativeTarget;
			buildConfigurationList = FE17BA7459794C5E9102412D /* Build configuration list for PBXNativeTarget "sort_benchmark" */;
			buildPhases = (
				A97631EF63D34001B309DC02 /* Sources */,
			);
			buildRules = (
			);
			dependencies = (
				0DEEF18CFABF45EBA8C42C09 /* PBXTargetDependency */,
			);
			name = sort_benchmark;
			productName = sort_benchmark;
			productReference = 33066A6BD39C46A6A926B003 /* sort_benchmark */;
			productType = "com.apple.product-type.tool";
		};
		5EC6418BDA534063BDB53457 /* alpaca_sort_test */ = {
			isa = PBXNativeTarget;
			buildConfigurationList = 21DA0324B0EF456183972811 /* Build configuration list for PBXNativeTarget "alpaca_sort_test" */;
			buildPhases = (
				FAA8F222A8FF4416AF97823B /* Sources */,
			);
			buildRules = (
			);
			dependencies = (
				83A134E74B864FB2BA74AD82 /* PBXTargetDependency */,
			);
			name = alpaca_sort_test;
			productName = alpaca_sort_test;
			productReference = 3217B8D31C434363A08E20AF /* alpaca_sort_test */;
			productType = "com.apple.product-type.tool";
		};
		81E5CC5B921646EA952D0603 /* sort_test */ = {
			isa = PBXNativeTarget;
			buildConfigurationList = 20D71C4144284430B2752FC1 /* Build configuration list for PBXNativeTarget "sort_test" */;
			buildPhases = (
				0FECB6DB9DBC495E9BE482C1 /* Sources */,
			);
			buildRules = (
			);
			dependencies = (
				5CAE9D4C2E2A4A0E87D1C56A /* PBXTargetDependency */,
			);
			name = sort_test;
			productName = sort_test;
			productReference = 5B843F111E7140E3BB236803 /* sort_test */;
			productType = "com.apple.product-type.tool";
		};
		9B056BD5FFFB42C0921B83AA /* rsa */ = {
			isa = PBXNativeTarget;
			buildConfigurationList = 1AB2358D2C0D42F2ADE11007 /* Build configuration list for PBXNativeTarget "rsa" */;
			buildPhases = (
				0D94AB853E474B1584F2CFCE /* Sources */,
				A44558EC1D57EA4400101D8D /* ShellScript */,
			);
			buildRules = (
			);
			dependencies = (
				1D07947A3A964BDE8C16DD74 /* PBXTargetDependency */,
			);
			name = rsa;
			productName = rsa;
			productReference = B6BFC29733EF4388BFDD5013 /* rsa */;
			productType = "com.apple.product-type.tool";
		};
		A221924055604332BC12B6D5 /* test_build */ = {
			isa = PBXNativeTarget;
			buildConfigurationList = 7EC8941A615748AAA7E0D0BF /* Build configuration list for PBXNativeTarget "test_build" */;
			buildPhases = (
				BD9C6E860D6D4B0B9C65D7A9 /* Sources */,
			);
			buildRules = (
			);
			dependencies = (
				4ABDE79B76EB409998EB2A38 /* PBXTargetDependency */,
			);
			name = test_build;
			productName = test_build;
			productReference = 69C572385FA54A70BC13DFA9 /* test_build */;
			productType = "com.apple.product-type.tool";
		};
		DA01A9E160C7430395B22591 /* spam_classification */ = {
			isa = PBXNativeTarget;
			buildConfigurationList = BB800DC7E59046258A4F827D /* Build configuration list for PBXNativeTarget "spam_classification" */;
			buildPhases = (
				3F064FC8B97F474A99D26AF1 /* Sources */,
			);
			buildRules = (
			);
			dependencies = (
				E7121EB5ADCD45379B0A0196 /* PBXTargetDependency */,
			);
			name = spam_classification;
			productName = spam_classification;
			productReference = C751AA8ACFED41CFBEB78A69 /* spam_classification */;
			productType = "com.apple.product-type.tool";
		};
		E23F19180C144F6DB5A1604F /* kmeans */ = {
			isa = PBXNativeTarget;
			buildConfigurationList = 2C8A67FD7B4741A291A388D4 /* Build configuration list for PBXNativeTarget "kmeans" */;
			buildPhases = (
				0D58A151C6C64432BAF1276A /* Sources */,
			);
			buildRules = (
			);
			dependencies = (
				BF59C6D1DE954E8F91A185E4 /* PBXTargetDependency */,
			);
			name = kmeans;
			productName = kmeans;
			productReference = 2AA52A771F6E42FABCEB9DD1 /* kmeans */;
			productType = "com.apple.product-type.tool";
		};
		E7762FB4BF5F4D9A9346D350 /* mersenne_twister */ = {
			isa = PBXNativeTarget;
			buildConfigurationList = 89516DE0902E4F90B418FF87 /* Build configuration list for PBXNativeTarget "mersenne_twister" */;
			buildPhases = (
				D942EB60D08149379C0B923C /* Sources */,
			);
			buildRules = (
			);
			dependencies = (
				4A90FCD995724E58B7647ABE /* PBXTargetDependency */,
			);
			name = mersenne_twister;
			productName = mersenne_twister;
			productReference = FF81635771DE4A3880ECAC44 /* mersenne_twister */;
			productType = "com.apple.product-type.tool";
		};
		F0FBAEEDCE5147339C4BB078 /* llama */ = {
			isa = PBXNativeTarget;
			buildConfigurationList = 6481C86AD8024856846BD7AE /* Build configuration list for PBXNativeTarget "llama" */;
			buildPhases = (
				77C691E0904F46A39B017462 /* Sources */,
			);
			buildRules = (
			);
			dependencies = (
			);
			name = llama;
			productName = llama;
			productReference = 53B8F2DEF8344965901FC221 /* libllama.a */;
			productType = "com.apple.product-type.library.static";
		};
/* End PBXNativeTarget section */

/* Begin PBXProject section */
		1B8B8D9E8A8F44D39418EDBB /* Project object */ = {
			isa = PBXProject;
			attributes = {
				BuildIndependentTargetsInParallel = YES;
				LastUpgradeCheck = 0710;
			};
			buildConfigurationList = 7D2C24FFD6E444B88972839A /* Build configuration list for PBXProject "llama_cpp" */;
			compatibilityVersion = "Xcode 3.2";
			developmentRegion = English;
			hasScannedForEncodings = 0;
			knownRegions = (
				en,
			);
			mainGroup = F297CD78340E4250BF1321B5;
			projectDirPath = ".";
			projectRoot = "";
			targets = (
				9B056BD5FFFB42C0921B83AA /* rsa */,
				E7762FB4BF5F4D9A9346D350 /* mersenne_twister */,
				6D712FEA26E042A697BF7D64 /* RUN_TESTS */,
				DA01A9E160C7430395B22591 /* spam_classification */,
				5C0467C3E93B46CC852868AC /* ALL_BUILD */,
				F0FBAEEDCE5147339C4BB078 /* llama */,
				2D748A76EC794BD882F57FD0 /* sort_benchmark */,
				5EC6418BDA534063BDB53457 /* alpaca_sort_test */,
				81E5CC5B921646EA952D0603 /* sort_test */,
				915B6C4966C344069117AD8D /* ZERO_CHECK */,
				E23F19180C144F6DB5A1604F /* kmeans */,
				A221924055604332BC12B6D5 /* test_build */,
			);
		};
/* End PBXProject section */

/* Begin PBXShellScriptBuildPhase section */
		A44558EC1D57EA4400101D8D /* ShellScript */ = {
			isa = PBXShellScriptBuildPhase;
			buildActionMask = 2147483647;
			files = (
			);
			inputPaths = (
			);
			outputPaths = (
			);
			runOnlyForDeploymentPostprocessing = 0;
			shellPath = /bin/sh;
			shellScript = "";
		};
/* End PBXShellScriptBuildPhase section */

/* Begin PBXSourcesBuildPhase section */
		0D58A151C6C64432BAF1276A /* Sources */ = {
			isa = PBXSourcesBuildPhase;
			buildActionMask = 2147483647;
			files = (
				F78B6D374D3A4325B464DC71 /* main.cpp in Sources */,
			);
			runOnlyForDeploymentPostprocessing = 0;
		};
		0D94AB853E474B1584F2CFCE /* Sources */ = {
			isa = PBXSourcesBuildPhase;
			buildActionMask = 2147483647;
			files = (
				0F6AF55EC2F44A99906A5661 /* rsa.cpp in Sources */,
			);
			runOnlyForDeploymentPostprocessing = 0;
		};
		0FECB6DB9DBC495E9BE482C1 /* Sources */ = {
			isa = PBXSourcesBuildPhase;
			buildActionMask = 2147483647;
			files = (
				770662D9C3F341D597A9915F /* sort_test.cpp in Sources */,
			);
			runOnlyForDeploymentPostprocessing = 0;
		};
		3F064FC8B97F474A99D26AF1 /* Sources */ = {
			isa = PBXSourcesBuildPhase;
			buildActionMask = 2147483647;
			files = (
				0642554A4D1C40E1AB3FFFAF /* spam_classification.cpp in Sources */,
			);
			runOnlyForDeploymentPostprocessing = 0;
		};
		77C691E0904F46A39B017462 /* Sources */ = {
			isa = PBXSourcesBuildPhase;
			buildActionMask = 2147483647;
			files = (
				98559E638DCD4614BBF7D7D0 /* Cryptography.cpp in Sources */,
				1F17BA7565274287A1B16C0D /* NaiveBayesClassifier.cpp in Sources */,
				B2A723F5B85146ABA42BDB1B /* MersenneTwister.cpp in Sources */,
			);
			runOnlyForDeploymentPostprocessing = 0;
		};
		A97631EF63D34001B309DC02 /* Sources */ = {
			isa = PBXSourcesBuildPhase;
			buildActionMask = 2147483647;
			files = (
				FE437AC931164BFAB359D502 /* sort_benchmark.cpp in Sources */,
			);
			runOnlyForDeploymentPostprocessing = 0;
		};
		BD9C6E860D6D4B0B9C65D7A9 /* Sources */ = {
			isa = PBXSourcesBuildPhase;
			buildActionMask = 2147483647;
			files = (
				6AA7F8A1E92F4146A0AC6D91 /* test_build.cpp in Sources */,
			);
			runOnlyForDeploymentPostprocessing = 0;
		};
		D942EB60D08149379C0B923C /* Sources */ = {
			isa = PBXSourcesBuildPhase;
			buildActionMask = 2147483647;
			files = (
				E752BF42802A4E42A631A553 /* mersenne_twister.cpp in Sources */,
			);
			runOnlyForDeploymentPostprocessing = 0;
		};
		FAA8F222A8FF4416AF97823B /* Sources */ = {
			isa = PBXSourcesBuildPhase;
			buildActionMask = 2147483647;
			files = (
				5C91A7027775479CA30C80F9 /* alpaca_sort_test.cpp in Sources */,
			);
			runOnlyForDeploymentPostprocessing = 0;
		};
/* End PBXSourcesBuildPhase section */

/* Begin PBXTargetDependency section */
		03A2AE332B5A4188BE6F28A6 /* PBXTargetDependency */ = {
			isa = PBXTargetDependency;
			target = F0FBAEEDCE5147339C4BB078 /* llama */;
			targetProxy = AAD7F237ED724C629A75122C /* PBXContainerItemProxy */;
		};
		0DEEF18CFABF45EBA8C42C09 /* PBXTargetDependency */ = {
			isa = PBXTargetDependency;
			target = F0FBAEEDCE5147339C4BB078 /* llama */;
			targetProxy = C6CCBA5907D04747951AC9B9 /* PBXContainerItemProxy */;
		};
		17CE7BEF39D54824B977B44D /* PBXTargetDependency */ = {
			isa = PBXTargetDependency;
			target = E23F19180C144F6DB5A1604F /* kmeans */;
			targetProxy = DDF4CAEB235A4E7C863DCBE8 /* PBXContainerItemProxy */;
		};
		1D07947A3A964BDE8C16DD74 /* PBXTargetDependency */ = {
			isa = PBXTargetDependency;
			target = F0FBAEEDCE5147339C4BB078 /* llama */;
			targetProxy = C913FF9DAAB64AD7A2F20532 /* PBXContainerItemProxy */;
		};
		499FE5D875D34C5ABEEE0376 /* PBXTargetDependency */ = {
			isa = PBXTargetDependency;
			target = 5EC6418BDA534063BDB53457 /* alpaca_sort_test */;
			targetProxy = CAF915BFECB542F681DA6A9D /* PBXContainerItemProxy */;
		};
		4A90FCD995724E58B7647ABE /* PBXTargetDependency */ = {
			isa = PBXTargetDependency;
			target = F0FBAEEDCE5147339C4BB078 /* llama */;
			targetProxy = 1A98CD607C6C48DEBFDC876D /* PBXContainerItemProxy */;
		};
		4ABDE79B76EB409998EB2A38 /* PBXTargetDependency */ = {
			isa = PBXTargetDependency;
			target = F0FBAEEDCE5147339C4BB078 /* llama */;
			targetProxy = E3B1656BF62B4AF3B89B65E7 /* PBXContainerItemProxy */;
		};
		5CAE9D4C2E2A4A0E87D1C56A /* PBXTargetDependency */ = {
			isa = PBXTargetDependency;
			target = F0FBAEEDCE5147339C4BB078 /* llama */;
			targetProxy = 79D00A261A574BA58D3B2ED3 /* PBXContainerItemProxy */;
		};
		61A03D9D04684EE48F8BCF26 /* PBXTargetDependency */ = {
			isa = PBXTargetDependency;
			target = DA01A9E160C7430395B22591 /* spam_classification */;
			targetProxy = 42E15C2FB8D44A07AEDF2148 /* PBXContainerItemProxy */;
		};
		83A134E74B864FB2BA74AD82 /* PBXTargetDependency */ = {
			isa = PBXTargetDependency;
			target = F0FBAEEDCE5147339C4BB078 /* llama */;
			targetProxy = 741A420796244E2B852B475B /* PBXContainerItemProxy */;
		};
		8C9D8E2A24774B309A5266C2 /* PBXTargetDependency */ = {
			isa = PBXTargetDependency;
			target = 9B056BD5FFFB42C0921B83AA /* rsa */;
			targetProxy = 04BC1A3914554B2C870DBBBD /* PBXContainerItemProxy */;
		};
		A5539C8F0602487C8F6E6D81 /* PBXTargetDependency */ = {
			isa = PBXTargetDependency;
			target = A221924055604332BC12B6D5 /* test_build */;
			targetProxy = 0D313DBC5D734F65A654F29F /* PBXContainerItemProxy */;
		};
		BF4898432A1145659B964ABE /* PBXTargetDependency */ = {
			isa = PBXTargetDependency;
			target = E7762FB4BF5F4D9A9346D350 /* mersenne_twister */;
			targetProxy = 42D72A2278FD48D694F811B3 /* PBXContainerItemProxy */;
		};
		BF59C6D1DE954E8F91A185E4 /* PBXTargetDependency */ = {
			isa = PBXTargetDependency;
			target = F0FBAEEDCE5147339C4BB078 /* llama */;
			targetProxy = 21F01F62C68F4F0393F1CE39 /* PBXContainerItemProxy */;
		};
		CD1A5306631C4408A23216DE /* PBXTargetDependency */ = {
			isa = PBXTargetDependency;
			target = 2D748A76EC794BD882F57FD0 /* sort_benchmark */;
			targetProxy = AE2812A98F1C46D6B75966F8 /* PBXContainerItemProxy */;
		};
		E7121EB5ADCD45379B0A0196 /* PBXTargetDependency */ = {
			isa = PBXTargetDependency;
			target = F0FBAEEDCE5147339C4BB078 /* llama */;
			targetProxy = 187D8225A18E4E4AA521E5B3 /* PBXContainerItemProxy */;
		};
		F59F6DF82C564F6EA4033756 /* PBXTargetDependency */ = {
			isa = PBXTargetDependency;
			target = 81E5CC5B921646EA952D0603 /* sort_test */;
			targetProxy = 1D78EDDE212B43A0A83F8FFA /* PBXContainerItemProxy */;
		};
/* End PBXTargetDependency section */

/* Begin XCBuildConfiguration section */
		0203A35F33B345E0A6CE30ED /* MinSizeRel */ = {
			isa = XCBuildConfiguration;
			buildSettings = {
				COMBINE_HIDPI_IMAGES = YES;
				CONFIGURATION_BUILD_DIR = ../../bin_llama_cpp/MinSizeRel;
				EXECUTABLE_PREFIX = "";
				EXECUTABLE_SUFFIX = "";
				GCC_GENERATE_DEBUGGING_SYMBOLS = NO;
				GCC_INLINES_ARE_PRIVATE_EXTERN = NO;
				GCC_OPTIMIZATION_LEVEL = s;
				GCC_PREPROCESSOR_DEFINITIONS = "'CMAKE_INTDIR=\"$(CONFIGURATION)$(EFFECTIVE_PLATFORM_NAME)\"'";
				GCC_SYMBOLS_PRIVATE_EXTERN = NO;
				HEADER_SEARCH_PATHS = (
					./src,
					"./example/**",
					"./benchmark/**",
				);
				INSTALL_PATH = "";
				LIBRARY_SEARCH_PATHS = "";
				OTHER_CFLAGS = "    -DNDEBUG  ";
				OTHER_CPLUSPLUSFLAGS = (
					"-std=c++1z",
					"-DNDEBUG",
				);
				OTHER_LDFLAGS = (
					"-Wl,-search_paths_first",
					"-Wl,-headerpad_max_install_names",
					"-lz",
					../../build_llama_cpp/libllama.a,
					"-lcrypto",
					"-lz",
				);
				OTHER_REZFLAGS = "";
				PRODUCT_NAME = spam_classification;
				SECTORDER_FLAGS = "";
				SYMROOT = ../../build_llama_cpp;
				USE_HEADERMAP = NO;
				WARNING_CFLAGS = (
					"-Wmost",
					"-Wno-four-char-constants",
					"-Wno-unknown-pragmas",
				);
			};
			name = MinSizeRel;
		};
		06CBBB892EEC40D5A4595D7A /* RelWithDebInfo */ = {
			isa = XCBuildConfiguration;
			buildSettings = {
				COMBINE_HIDPI_IMAGES = YES;
				GCC_GENERATE_DEBUGGING_SYMBOLS = NO;
				GCC_INLINES_ARE_PRIVATE_EXTERN = NO;
				GCC_OPTIMIZATION_LEVEL = 0;
				GCC_PREPROCESSOR_DEFINITIONS = "'CMAKE_INTDIR=\"$(CONFIGURATION)$(EFFECTIVE_PLATFORM_NAME)\"'";
				GCC_SYMBOLS_PRIVATE_EXTERN = NO;
				HEADER_SEARCH_PATHS = (
					./src,
					"./example/**",
					"./benchmark/**",
				);
				INSTALL_PATH = "";
				OTHER_CFLAGS = "  ";
				OTHER_LDFLAGS = " ";
				OTHER_REZFLAGS = "";
				PRODUCT_NAME = RUN_TESTS;
				SECTORDER_FLAGS = "";
				SYMROOT = ../../build_llama_cpp;
				USE_HEADERMAP = NO;
				WARNING_CFLAGS = (
					"-Wmost",
					"-Wno-four-char-constants",
					"-Wno-unknown-pragmas",
				);
			};
			name = RelWithDebInfo;
		};
		072A22BEC8F5466295B80218 /* Debug */ = {
			isa = XCBuildConfiguration;
			buildSettings = {
				COMBINE_HIDPI_IMAGES = YES;
				CONFIGURATION_BUILD_DIR = ../../bin_llama_cpp/Debug;
				EXECUTABLE_PREFIX = "";
				EXECUTABLE_SUFFIX = "";
				GCC_GENERATE_DEBUGGING_SYMBOLS = YES;
				GCC_INLINES_ARE_PRIVATE_EXTERN = NO;
				GCC_OPTIMIZATION_LEVEL = 0;
				GCC_PREPROCESSOR_DEFINITIONS = "'CMAKE_INTDIR=\"$(CONFIGURATION)$(EFFECTIVE_PLATFORM_NAME)\"'";
				GCC_SYMBOLS_PRIVATE_EXTERN = NO;
				HEADER_SEARCH_PATHS = (
					./src,
					"./example/**",
					"./benchmark/**",
				);
				INSTALL_PATH = "";
				LIBRARY_SEARCH_PATHS = "";
				OTHER_CFLAGS = "    ";
				OTHER_CPLUSPLUSFLAGS = " -std=c++1z     ";
				OTHER_LDFLAGS = (
					"-Wl,-search_paths_first",
					"-Wl,-headerpad_max_install_names",
					"-lz",
					../../build_llama_cpp/libllama.a,
					"-lcrypto",
					"-lz",
				);
				OTHER_REZFLAGS = "";
				PRODUCT_NAME = test_build;
				SECTORDER_FLAGS = "";
				SYMROOT = ../../build_llama_cpp;
				USE_HEADERMAP = NO;
				WARNING_CFLAGS = (
					"-Wmost",
					"-Wno-four-char-constants",
					"-Wno-unknown-pragmas",
				);
			};
			name = Debug;
		};
		0A6C9EF8BD2649ED883FF53E /* Release */ = {
			isa = XCBuildConfiguration;
			buildSettings = {
				COMBINE_HIDPI_IMAGES = YES;
				CONFIGURATION_BUILD_DIR = ../../bin_llama_cpp/Release;
				EXECUTABLE_PREFIX = "";
				EXECUTABLE_SUFFIX = "";
				GCC_GENERATE_DEBUGGING_SYMBOLS = NO;
				GCC_INLINES_ARE_PRIVATE_EXTERN = NO;
				GCC_OPTIMIZATION_LEVEL = 3;
				GCC_PREPROCESSOR_DEFINITIONS = "'CMAKE_INTDIR=\"$(CONFIGURATION)$(EFFECTIVE_PLATFORM_NAME)\"'";
				GCC_SYMBOLS_PRIVATE_EXTERN = NO;
				HEADER_SEARCH_PATHS = (
					./src,
					"./example/**",
					"./benchmark/**",
				);
				INSTALL_PATH = "";
				LIBRARY_SEARCH_PATHS = "";
				OTHER_CFLAGS = "    -DNDEBUG  ";
				OTHER_CPLUSPLUSFLAGS = (
					"-std=c++1z",
					"-DNDEBUG",
				);
				OTHER_LDFLAGS = (
					"-Wl,-search_paths_first",
					"-Wl,-headerpad_max_install_names",
					"-lz",
					../../build_llama_cpp/libllama.a,
					"-lcrypto",
					"-lz",
				);
				OTHER_REZFLAGS = "";
				PRODUCT_NAME = test_build;
				SECTORDER_FLAGS = "";
				SYMROOT = ../../build_llama_cpp;
				USE_HEADERMAP = NO;
				WARNING_CFLAGS = (
					"-Wmost",
					"-Wno-four-char-constants",
					"-Wno-unknown-pragmas",
				);
			};
			name = Release;
		};
		0CDFB2E0DA0B488092E21E89 /* RelWithDebInfo */ = {
			isa = XCBuildConfiguration;
			buildSettings = {
				COMBINE_HIDPI_IMAGES = YES;
				CONFIGURATION_BUILD_DIR = ../../bin_llama_cpp/RelWithDebInfo;
				EXECUTABLE_PREFIX = "";
				EXECUTABLE_SUFFIX = "";
				GCC_GENERATE_DEBUGGING_SYMBOLS = YES;
				GCC_INLINES_ARE_PRIVATE_EXTERN = NO;
				GCC_OPTIMIZATION_LEVEL = 2;
				GCC_PREPROCESSOR_DEFINITIONS = "'CMAKE_INTDIR=\"$(CONFIGURATION)$(EFFECTIVE_PLATFORM_NAME)\"'";
				GCC_SYMBOLS_PRIVATE_EXTERN = NO;
				HEADER_SEARCH_PATHS = (
					./src,
					"./example/**",
					"./benchmark/**",
				);
				INSTALL_PATH = "";
				LIBRARY_SEARCH_PATHS = "";
				OTHER_CFLAGS = "       -DNDEBUG  ";
				OTHER_CPLUSPLUSFLAGS = (
					"-std=c++1z",
					"-DNDEBUG",
				);
				OTHER_LDFLAGS = (
					"-Wl,-search_paths_first",
					"-Wl,-headerpad_max_install_names",
					"-lz",
					../../build_llama_cpp/libllama.a,
					"-lcrypto",
					"-lz",
				);
				OTHER_REZFLAGS = "";
				PRODUCT_NAME = rsa;
				SECTORDER_FLAGS = "";
				SYMROOT = ../../build_llama_cpp;
				USE_HEADERMAP = NO;
				WARNING_CFLAGS = (
					"-Wmost",
					"-Wno-four-char-constants",
					"-Wno-unknown-pragmas",
				);
			};
			name = RelWithDebInfo;
		};
		0FE7589D33CB4E4F9E325FAE /* Release */ = {
			isa = XCBuildConfiguration;
			buildSettings = {
				ONLY_ACTIVE_ARCH = YES;
				SDKROOT = /Applications/Xcode.app/Contents/Developer/Platforms/MacOSX.platform/Developer/SDKs/MacOSX10.11.sdk;
				SYMROOT = ../../build_llama_cpp/build;
			};
			name = Release;
		};
		1F40155E3C9E4DACA36032A8 /* Release */ = {
			isa = XCBuildConfiguration;
			buildSettings = {
				COMBINE_HIDPI_IMAGES = YES;
				CONFIGURATION_BUILD_DIR = ../../bin_llama_cpp/Release;
				EXECUTABLE_PREFIX = "";
				EXECUTABLE_SUFFIX = "";
				GCC_GENERATE_DEBUGGING_SYMBOLS = NO;
				GCC_INLINES_ARE_PRIVATE_EXTERN = NO;
				GCC_OPTIMIZATION_LEVEL = 3;
				GCC_PREPROCESSOR_DEFINITIONS = "'CMAKE_INTDIR=\"$(CONFIGURATION)$(EFFECTIVE_PLATFORM_NAME)\"'";
				GCC_SYMBOLS_PRIVATE_EXTERN = NO;
				HEADER_SEARCH_PATHS = (
					./src,
					"./example/**",
					"./benchmark/**",
				);
				INSTALL_PATH = "";
				LIBRARY_SEARCH_PATHS = "";
				OTHER_CFLAGS = "    -DNDEBUG  ";
				OTHER_CPLUSPLUSFLAGS = (
					"-std=c++1z",
					"-DNDEBUG",
				);
				OTHER_LDFLAGS = (
					"-Wl,-search_paths_first",
					"-Wl,-headerpad_max_install_names",
					"-lz",
					../../build_llama_cpp/libllama.a,
					"-lcrypto",
					"-lz",
				);
				OTHER_REZFLAGS = "";
				PRODUCT_NAME = rsa;
				SECTORDER_FLAGS = "";
				SYMROOT = ../../build_llama_cpp;
				USE_HEADERMAP = NO;
				WARNING_CFLAGS = (
					"-Wmost",
					"-Wno-four-char-constants",
					"-Wno-unknown-pragmas",
				);
			};
			name = Release;
		};
		1F463CF651B446A9B0A89699 /* RelWithDebInfo */ = {
			isa = XCBuildConfiguration;
			buildSettings = {
				ONLY_ACTIVE_ARCH = YES;
				SDKROOT = /Applications/Xcode.app/Contents/Developer/Platforms/MacOSX.platform/Developer/SDKs/MacOSX10.11.sdk;
				SYMROOT = ../../build_llama_cpp/build;
			};
			name = RelWithDebInfo;
		};
		26526045A9C24A98BFB6A658 /* MinSizeRel */ = {
			isa = XCBuildConfiguration;
			buildSettings = {
				COMBINE_HIDPI_IMAGES = YES;
				CONFIGURATION_BUILD_DIR = ../../bin_llama_cpp/MinSizeRel;
				EXECUTABLE_PREFIX = "";
				EXECUTABLE_SUFFIX = "";
				GCC_GENERATE_DEBUGGING_SYMBOLS = NO;
				GCC_INLINES_ARE_PRIVATE_EXTERN = NO;
				GCC_OPTIMIZATION_LEVEL = s;
				GCC_PREPROCESSOR_DEFINITIONS = "'CMAKE_INTDIR=\"$(CONFIGURATION)$(EFFECTIVE_PLATFORM_NAME)\"'";
				GCC_SYMBOLS_PRIVATE_EXTERN = NO;
				HEADER_SEARCH_PATHS = (
					./src,
					"./example/**",
					"./benchmark/**",
				);
				INSTALL_PATH = "";
				LIBRARY_SEARCH_PATHS = "";
				OTHER_CFLAGS = "    -DNDEBUG  ";
				OTHER_CPLUSPLUSFLAGS = (
					"-std=c++1z",
					"-DNDEBUG",
				);
				OTHER_LDFLAGS = (
					"-Wl,-search_paths_first",
					"-Wl,-headerpad_max_install_names",
					"-lz",
					../../build_llama_cpp/libllama.a,
					"-lcrypto",
					"-lz",
				);
				OTHER_REZFLAGS = "";
				PRODUCT_NAME = test_build;
				SECTORDER_FLAGS = "";
				SYMROOT = ../../build_llama_cpp;
				USE_HEADERMAP = NO;
				WARNING_CFLAGS = (
					"-Wmost",
					"-Wno-four-char-constants",
					"-Wno-unknown-pragmas",
				);
			};
			name = MinSizeRel;
		};
		26F324ED761E4557A8AF18A6 /* Debug */ = {
			isa = XCBuildConfiguration;
			buildSettings = {
				COMBINE_HIDPI_IMAGES = YES;
				CONFIGURATION_BUILD_DIR = ../../bin_llama_cpp/Debug;
				EXECUTABLE_PREFIX = "";
				EXECUTABLE_SUFFIX = "";
				GCC_GENERATE_DEBUGGING_SYMBOLS = YES;
				GCC_INLINES_ARE_PRIVATE_EXTERN = NO;
				GCC_OPTIMIZATION_LEVEL = 0;
				GCC_PREPROCESSOR_DEFINITIONS = "'CMAKE_INTDIR=\"$(CONFIGURATION)$(EFFECTIVE_PLATFORM_NAME)\"'";
				GCC_SYMBOLS_PRIVATE_EXTERN = NO;
				HEADER_SEARCH_PATHS = (
					./src,
					"./example/**",
					"./benchmark/**",
				);
				INSTALL_PATH = "";
				LIBRARY_SEARCH_PATHS = "";
				OTHER_CFLAGS = "    ";
				OTHER_CPLUSPLUSFLAGS = " -std=c++1z     ";
				OTHER_LDFLAGS = (
					"-Wl,-search_paths_first",
					"-Wl,-headerpad_max_install_names",
					"-lz",
					../../build_llama_cpp/libllama.a,
					"-lcrypto",
					"-lz",
				);
				OTHER_REZFLAGS = "";
				PRODUCT_NAME = alpaca_sort_test;
				SECTORDER_FLAGS = "";
				SYMROOT = ../../build_llama_cpp;
				USE_HEADERMAP = NO;
				WARNING_CFLAGS = (
					"-Wmost",
					"-Wno-four-char-constants",
					"-Wno-unknown-pragmas",
				);
			};
			name = Debug;
		};
		2A1EB4A57EED49C0A8922FAA /* RelWithDebInfo */ = {
			isa = XCBuildConfiguration;
			buildSettings = {
				COMBINE_HIDPI_IMAGES = YES;
				GCC_GENERATE_DEBUGGING_SYMBOLS = NO;
				GCC_INLINES_ARE_PRIVATE_EXTERN = NO;
				GCC_OPTIMIZATION_LEVEL = 0;
				GCC_PREPROCESSOR_DEFINITIONS = "'CMAKE_INTDIR=\"$(CONFIGURATION)$(EFFECTIVE_PLATFORM_NAME)\"'";
				GCC_SYMBOLS_PRIVATE_EXTERN = NO;
				HEADER_SEARCH_PATHS = (
					./src,
					"./example/**",
					"./benchmark/**",
				);
				INSTALL_PATH = "";
				OTHER_CFLAGS = "  ";
				OTHER_LDFLAGS = " ";
				OTHER_REZFLAGS = "";
				PRODUCT_NAME = ZERO_CHECK;
				SECTORDER_FLAGS = "";
				SYMROOT = ../../build_llama_cpp;
				USE_HEADERMAP = NO;
				WARNING_CFLAGS = (
					"-Wmost",
					"-Wno-four-char-constants",
					"-Wno-unknown-pragmas",
				);
			};
			name = RelWithDebInfo;
		};
		4469E64D03874779B452580E /* Release */ = {
			isa = XCBuildConfiguration;
			buildSettings = {
				COMBINE_HIDPI_IMAGES = YES;
				GCC_GENERATE_DEBUGGING_SYMBOLS = NO;
				GCC_INLINES_ARE_PRIVATE_EXTERN = NO;
				GCC_OPTIMIZATION_LEVEL = 0;
				GCC_PREPROCESSOR_DEFINITIONS = "'CMAKE_INTDIR=\"$(CONFIGURATION)$(EFFECTIVE_PLATFORM_NAME)\"'";
				GCC_SYMBOLS_PRIVATE_EXTERN = NO;
				HEADER_SEARCH_PATHS = (
					./src,
					"./example/**",
					"./benchmark/**",
				);
				INSTALL_PATH = "";
				OTHER_CFLAGS = "  ";
				OTHER_LDFLAGS = " ";
				OTHER_REZFLAGS = "";
				PRODUCT_NAME = RUN_TESTS;
				SECTORDER_FLAGS = "";
				SYMROOT = ../../build_llama_cpp;
				USE_HEADERMAP = NO;
				WARNING_CFLAGS = (
					"-Wmost",
					"-Wno-four-char-constants",
					"-Wno-unknown-pragmas",
				);
			};
			name = Release;
		};
		46D5911228C941C0939D88B1 /* Release */ = {
			isa = XCBuildConfiguration;
			buildSettings = {
				COMBINE_HIDPI_IMAGES = YES;
				GCC_GENERATE_DEBUGGING_SYMBOLS = NO;
				GCC_INLINES_ARE_PRIVATE_EXTERN = NO;
				GCC_OPTIMIZATION_LEVEL = 0;
				GCC_PREPROCESSOR_DEFINITIONS = "'CMAKE_INTDIR=\"$(CONFIGURATION)$(EFFECTIVE_PLATFORM_NAME)\"'";
				GCC_SYMBOLS_PRIVATE_EXTERN = NO;
				HEADER_SEARCH_PATHS = (
					./src,
					"./example/**",
					"./benchmark/**",
				);
				INSTALL_PATH = "";
				OTHER_CFLAGS = "  ";
				OTHER_LDFLAGS = " ";
				OTHER_REZFLAGS = "";
				PRODUCT_NAME = ALL_BUILD;
				SECTORDER_FLAGS = "";
				SYMROOT = ../../build_llama_cpp;
				USE_HEADERMAP = NO;
				WARNING_CFLAGS = (
					"-Wmost",
					"-Wno-four-char-constants",
					"-Wno-unknown-pragmas",
				);
			};
			name = Release;
		};
		51A5B8DEB16A4070A5BEE078 /* MinSizeRel */ = {
			isa = XCBuildConfiguration;
			buildSettings = {
				COMBINE_HIDPI_IMAGES = YES;
				CONFIGURATION_BUILD_DIR = ../../bin_llama_cpp/MinSizeRel;
				EXECUTABLE_PREFIX = "";
				EXECUTABLE_SUFFIX = "";
				GCC_GENERATE_DEBUGGING_SYMBOLS = NO;
				GCC_INLINES_ARE_PRIVATE_EXTERN = NO;
				GCC_OPTIMIZATION_LEVEL = s;
				GCC_PREPROCESSOR_DEFINITIONS = "'CMAKE_INTDIR=\"$(CONFIGURATION)$(EFFECTIVE_PLATFORM_NAME)\"'";
				GCC_SYMBOLS_PRIVATE_EXTERN = NO;
				HEADER_SEARCH_PATHS = (
					./src,
					"./example/**",
					"./benchmark/**",
				);
				INSTALL_PATH = "";
				LIBRARY_SEARCH_PATHS = "";
				OTHER_CFLAGS = "    -DNDEBUG  ";
				OTHER_CPLUSPLUSFLAGS = (
					"-std=c++1z",
					"-DNDEBUG",
				);
				OTHER_LDFLAGS = (
					"-Wl,-search_paths_first",
					"-Wl,-headerpad_max_install_names",
					"-lz",
					../../build_llama_cpp/libllama.a,
					"-lcrypto",
					"-lz",
				);
				OTHER_REZFLAGS = "";
				PRODUCT_NAME = rsa;
				SECTORDER_FLAGS = "";
				SYMROOT = ../../build_llama_cpp;
				USE_HEADERMAP = NO;
				WARNING_CFLAGS = (
					"-Wmost",
					"-Wno-four-char-constants",
					"-Wno-unknown-pragmas",
				);
			};
			name = MinSizeRel;
		};
		5240A28B05B74ED6B582E06F /* RelWithDebInfo */ = {
			isa = XCBuildConfiguration;
			buildSettings = {
				COMBINE_HIDPI_IMAGES = YES;
				CONFIGURATION_BUILD_DIR = ../../bin_llama_cpp/RelWithDebInfo;
				EXECUTABLE_PREFIX = "";
				EXECUTABLE_SUFFIX = "";
				GCC_GENERATE_DEBUGGING_SYMBOLS = YES;
				GCC_INLINES_ARE_PRIVATE_EXTERN = NO;
				GCC_OPTIMIZATION_LEVEL = 2;
				GCC_PREPROCESSOR_DEFINITIONS = "'CMAKE_INTDIR=\"$(CONFIGURATION)$(EFFECTIVE_PLATFORM_NAME)\"'";
				GCC_SYMBOLS_PRIVATE_EXTERN = NO;
				HEADER_SEARCH_PATHS = (
					./src,
					"./example/**",
					"./benchmark/**",
				);
				INSTALL_PATH = "";
				LIBRARY_SEARCH_PATHS = "";
				OTHER_CFLAGS = "       -DNDEBUG  ";
				OTHER_CPLUSPLUSFLAGS = (
					"-std=c++1z",
					"-DNDEBUG",
				);
				OTHER_LDFLAGS = (
					"-Wl,-search_paths_first",
					"-Wl,-headerpad_max_install_names",
					"-lz",
					../../build_llama_cpp/libllama.a,
					"-lcrypto",
					"-lz",
				);
				OTHER_REZFLAGS = "";
				PRODUCT_NAME = sort_test;
				SECTORDER_FLAGS = "";
				SYMROOT = ../../build_llama_cpp;
				USE_HEADERMAP = NO;
				WARNING_CFLAGS = (
					"-Wmost",
					"-Wno-four-char-constants",
					"-Wno-unknown-pragmas",
				);
			};
			name = RelWithDebInfo;
		};
		57B63302093E452D977A8464 /* Release */ = {
			isa = XCBuildConfiguration;
			buildSettings = {
				COMBINE_HIDPI_IMAGES = YES;
				CONFIGURATION_BUILD_DIR = ../../bin_llama_cpp/Release;
				EXECUTABLE_PREFIX = "";
				EXECUTABLE_SUFFIX = "";
				GCC_GENERATE_DEBUGGING_SYMBOLS = NO;
				GCC_INLINES_ARE_PRIVATE_EXTERN = NO;
				GCC_OPTIMIZATION_LEVEL = 3;
				GCC_PREPROCESSOR_DEFINITIONS = "'CMAKE_INTDIR=\"$(CONFIGURATION)$(EFFECTIVE_PLATFORM_NAME)\"'";
				GCC_SYMBOLS_PRIVATE_EXTERN = NO;
				HEADER_SEARCH_PATHS = (
					./src,
					"./example/**",
					"./benchmark/**",
				);
				INSTALL_PATH = "";
				LIBRARY_SEARCH_PATHS = "";
				OTHER_CFLAGS = "    -DNDEBUG  ";
				OTHER_CPLUSPLUSFLAGS = (
					"-std=c++1z",
					"-DNDEBUG",
				);
				OTHER_LDFLAGS = (
					"-Wl,-search_paths_first",
					"-Wl,-headerpad_max_install_names",
					"-lz",
					../../build_llama_cpp/libllama.a,
					"-lcrypto",
					"-lz",
				);
				OTHER_REZFLAGS = "";
				PRODUCT_NAME = alpaca_sort_test;
				SECTORDER_FLAGS = "";
				SYMROOT = ../../build_llama_cpp;
				USE_HEADERMAP = NO;
				WARNING_CFLAGS = (
					"-Wmost",
					"-Wno-four-char-constants",
					"-Wno-unknown-pragmas",
				);
			};
			name = Release;
		};
		57C304DAFD3045A5A340F18B /* RelWithDebInfo */ = {
			isa = XCBuildConfiguration;
			buildSettings = {
				COMBINE_HIDPI_IMAGES = YES;
				CONFIGURATION_BUILD_DIR = "$(BUILD_DIR)/$(EFFECTIVE_PLATFORM_NAME)";
				EXECUTABLE_PREFIX = lib;
				EXECUTABLE_SUFFIX = .a;
				GCC_GENERATE_DEBUGGING_SYMBOLS = YES;
				GCC_INLINES_ARE_PRIVATE_EXTERN = NO;
				GCC_OPTIMIZATION_LEVEL = 2;
				GCC_PREPROCESSOR_DEFINITIONS = "'CMAKE_INTDIR=\"$(CONFIGURATION)$(EFFECTIVE_PLATFORM_NAME)\"'";
				GCC_SYMBOLS_PRIVATE_EXTERN = NO;
				HEADER_SEARCH_PATHS = (
					./src,
					"./example/**",
					"./benchmark/**",
				);
				INSTALL_PATH = "";
				LIBRARY_STYLE = STATIC;
				OTHER_CFLAGS = "       -DNDEBUG  ";
				OTHER_CPLUSPLUSFLAGS = (
					"-std=c++1z",
					"-DNDEBUG",
				);
				OTHER_LIBTOOLFLAGS = " ";
				OTHER_REZFLAGS = "";
				PRODUCT_NAME = llama;
				SECTORDER_FLAGS = "";
				SYMROOT = ../../build_llama_cpp;
				USE_HEADERMAP = NO;
				WARNING_CFLAGS = (
					"-Wmost",
					"-Wno-four-char-constants",
					"-Wno-unknown-pragmas",
				);
			};
			name = RelWithDebInfo;
		};
		58F408F62F8D43E5B7EF7E81 /* MinSizeRel */ = {
			isa = XCBuildConfiguration;
			buildSettings = {
				COMBINE_HIDPI_IMAGES = YES;
				GCC_GENERATE_DEBUGGING_SYMBOLS = NO;
				GCC_INLINES_ARE_PRIVATE_EXTERN = NO;
				GCC_OPTIMIZATION_LEVEL = 0;
				GCC_PREPROCESSOR_DEFINITIONS = "'CMAKE_INTDIR=\"$(CONFIGURATION)$(EFFECTIVE_PLATFORM_NAME)\"'";
				GCC_SYMBOLS_PRIVATE_EXTERN = NO;
				HEADER_SEARCH_PATHS = (
					./src,
					"./example/**",
					"./benchmark/**",
				);
				INSTALL_PATH = "";
				OTHER_CFLAGS = "  ";
				OTHER_LDFLAGS = " ";
				OTHER_REZFLAGS = "";
				PRODUCT_NAME = RUN_TESTS;
				SECTORDER_FLAGS = "";
				SYMROOT = ../../build_llama_cpp;
				USE_HEADERMAP = NO;
				WARNING_CFLAGS = (
					"-Wmost",
					"-Wno-four-char-constants",
					"-Wno-unknown-pragmas",
				);
			};
			name = MinSizeRel;
		};
		59436FC211F64212B65CF5ED /* Release */ = {
			isa = XCBuildConfiguration;
			buildSettings = {
				COMBINE_HIDPI_IMAGES = YES;
				CONFIGURATION_BUILD_DIR = ../../bin_llama_cpp/Release;
				EXECUTABLE_PREFIX = "";
				EXECUTABLE_SUFFIX = "";
				GCC_GENERATE_DEBUGGING_SYMBOLS = NO;
				GCC_INLINES_ARE_PRIVATE_EXTERN = NO;
				GCC_OPTIMIZATION_LEVEL = 3;
				GCC_PREPROCESSOR_DEFINITIONS = "'CMAKE_INTDIR=\"$(CONFIGURATION)$(EFFECTIVE_PLATFORM_NAME)\"'";
				GCC_SYMBOLS_PRIVATE_EXTERN = NO;
				HEADER_SEARCH_PATHS = (
					./src,
					"./example/**",
					"./benchmark/**",
				);
				INSTALL_PATH = "";
				LIBRARY_SEARCH_PATHS = "";
				OTHER_CFLAGS = "    -DNDEBUG  ";
				OTHER_CPLUSPLUSFLAGS = (
					"-std=c++1z",
					"-DNDEBUG",
				);
				OTHER_LDFLAGS = (
					"-Wl,-search_paths_first",
					"-Wl,-headerpad_max_install_names",
					"-lz",
					../../build_llama_cpp/libllama.a,
					"-lcrypto",
					"-lz",
				);
				OTHER_REZFLAGS = "";
				PRODUCT_NAME = mersenne_twister;
				SECTORDER_FLAGS = "";
				SYMROOT = ../../build_llama_cpp;
				USE_HEADERMAP = NO;
				WARNING_CFLAGS = (
					"-Wmost",
					"-Wno-four-char-constants",
					"-Wno-unknown-pragmas",
				);
			};
			name = Release;
		};
		5F0AC49C62B84F86BEE8F4C4 /* RelWithDebInfo */ = {
			isa = XCBuildConfiguration;
			buildSettings = {
				COMBINE_HIDPI_IMAGES = YES;
				CONFIGURATION_BUILD_DIR = ../../bin_llama_cpp/RelWithDebInfo;
				EXECUTABLE_PREFIX = "";
				EXECUTABLE_SUFFIX = "";
				GCC_GENERATE_DEBUGGING_SYMBOLS = YES;
				GCC_INLINES_ARE_PRIVATE_EXTERN = NO;
				GCC_OPTIMIZATION_LEVEL = 2;
				GCC_PREPROCESSOR_DEFINITIONS = "'CMAKE_INTDIR=\"$(CONFIGURATION)$(EFFECTIVE_PLATFORM_NAME)\"'";
				GCC_SYMBOLS_PRIVATE_EXTERN = NO;
				HEADER_SEARCH_PATHS = (
					./src,
					"./example/**",
					"./benchmark/**",
				);
				INSTALL_PATH = "";
				LIBRARY_SEARCH_PATHS = "";
				OTHER_CFLAGS = "       -DNDEBUG  ";
				OTHER_CPLUSPLUSFLAGS = (
					"-std=c++1z",
					"-DNDEBUG",
				);
				OTHER_LDFLAGS = (
					"-Wl,-search_paths_first",
					"-Wl,-headerpad_max_install_names",
					"-lz",
					../../build_llama_cpp/libllama.a,
					"-lcrypto",
					"-lz",
				);
				OTHER_REZFLAGS = "";
				PRODUCT_NAME = mersenne_twister;
				SECTORDER_FLAGS = "";
				SYMROOT = ../../build_llama_cpp;
				USE_HEADERMAP = NO;
				WARNING_CFLAGS = (
					"-Wmost",
					"-Wno-four-char-constants",
					"-Wno-unknown-pragmas",
				);
			};
			name = RelWithDebInfo;
		};
		60F0B607D1FF4489BCFDC998 /* Debug */ = {
			isa = XCBuildConfiguration;
			buildSettings = {
				COMBINE_HIDPI_IMAGES = YES;
				CONFIGURATION_BUILD_DIR = ../../bin_llama_cpp/Debug;
				EXECUTABLE_PREFIX = "";
				EXECUTABLE_SUFFIX = "";
				GCC_GENERATE_DEBUGGING_SYMBOLS = YES;
				GCC_INLINES_ARE_PRIVATE_EXTERN = NO;
				GCC_OPTIMIZATION_LEVEL = 0;
				GCC_PREPROCESSOR_DEFINITIONS = "'CMAKE_INTDIR=\"$(CONFIGURATION)$(EFFECTIVE_PLATFORM_NAME)\"'";
				GCC_SYMBOLS_PRIVATE_EXTERN = NO;
				HEADER_SEARCH_PATHS = (
					./src,
					"./example/**",
					"./benchmark/**",
				);
				INSTALL_PATH = "";
				LIBRARY_SEARCH_PATHS = "";
				OTHER_CFLAGS = "    ";
				OTHER_CPLUSPLUSFLAGS = " -std=c++1z     ";
				OTHER_LDFLAGS = (
					"-Wl,-search_paths_first",
					"-Wl,-headerpad_max_install_names",
					"-lz",
					../../build_llama_cpp/libllama.a,
					"-lcrypto",
					"-lz",
				);
				OTHER_REZFLAGS = "";
				PRODUCT_NAME = spam_classification;
				SECTORDER_FLAGS = "";
				SYMROOT = ../../build_llama_cpp;
				USE_HEADERMAP = NO;
				WARNING_CFLAGS = (
					"-Wmost",
					"-Wno-four-char-constants",
					"-Wno-unknown-pragmas",
				);
			};
			name = Debug;
		};
		6E7B22C0CA7D4C399684E82A /* Debug */ = {
			isa = XCBuildConfiguration;
			buildSettings = {
				COMBINE_HIDPI_IMAGES = YES;
				CONFIGURATION_BUILD_DIR = "$(BUILD_DIR)/$(EFFECTIVE_PLATFORM_NAME)";
				EXECUTABLE_PREFIX = lib;
				EXECUTABLE_SUFFIX = .a;
				GCC_GENERATE_DEBUGGING_SYMBOLS = YES;
				GCC_INLINES_ARE_PRIVATE_EXTERN = NO;
				GCC_OPTIMIZATION_LEVEL = 0;
				GCC_PREPROCESSOR_DEFINITIONS = "'CMAKE_INTDIR=\"$(CONFIGURATION)$(EFFECTIVE_PLATFORM_NAME)\"'";
				GCC_SYMBOLS_PRIVATE_EXTERN = NO;
				HEADER_SEARCH_PATHS = (
					./src,
					"./example/**",
					"./benchmark/**",
				);
				INSTALL_PATH = "";
				LIBRARY_STYLE = STATIC;
				OTHER_CFLAGS = "    ";
				OTHER_CPLUSPLUSFLAGS = " -std=c++1z     ";
				OTHER_LIBTOOLFLAGS = " ";
				OTHER_REZFLAGS = "";
				PRODUCT_NAME = llama;
				SECTORDER_FLAGS = "";
				SYMROOT = ../../build_llama_cpp;
				USE_HEADERMAP = NO;
				WARNING_CFLAGS = (
					"-Wmost",
					"-Wno-four-char-constants",
					"-Wno-unknown-pragmas",
				);
			};
			name = Debug;
		};
		6FBFAF2E4AE64757B4D8AA18 /* RelWithDebInfo */ = {
			isa = XCBuildConfiguration;
			buildSettings = {
				COMBINE_HIDPI_IMAGES = YES;
				CONFIGURATION_BUILD_DIR = ../../bin_llama_cpp/RelWithDebInfo;
				EXECUTABLE_PREFIX = "";
				EXECUTABLE_SUFFIX = "";
				GCC_GENERATE_DEBUGGING_SYMBOLS = YES;
				GCC_INLINES_ARE_PRIVATE_EXTERN = NO;
				GCC_OPTIMIZATION_LEVEL = 2;
				GCC_PREPROCESSOR_DEFINITIONS = "'CMAKE_INTDIR=\"$(CONFIGURATION)$(EFFECTIVE_PLATFORM_NAME)\"'";
				GCC_SYMBOLS_PRIVATE_EXTERN = NO;
				HEADER_SEARCH_PATHS = (
					./src,
					"./example/**",
					"./benchmark/**",
				);
				INSTALL_PATH = "";
				LIBRARY_SEARCH_PATHS = "";
				OTHER_CFLAGS = "       -DNDEBUG  ";
				OTHER_CPLUSPLUSFLAGS = (
					"-std=c++1z",
					"-DNDEBUG",
				);
				OTHER_LDFLAGS = (
					"-Wl,-search_paths_first",
					"-Wl,-headerpad_max_install_names",
					"-lz",
					../../build_llama_cpp/libllama.a,
					"-lcrypto",
					"-lz",
				);
				OTHER_REZFLAGS = "";
				PRODUCT_NAME = spam_classification;
				SECTORDER_FLAGS = "";
				SYMROOT = ../../build_llama_cpp;
				USE_HEADERMAP = NO;
				WARNING_CFLAGS = (
					"-Wmost",
					"-Wno-four-char-constants",
					"-Wno-unknown-pragmas",
				);
			};
			name = RelWithDebInfo;
		};
		70D8FAA7940C45C18151226C /* Release */ = {
			isa = XCBuildConfiguration;
			buildSettings = {
				COMBINE_HIDPI_IMAGES = YES;
				CONFIGURATION_BUILD_DIR = ../../bin_llama_cpp/Release;
				EXECUTABLE_PREFIX = "";
				EXECUTABLE_SUFFIX = "";
				GCC_GENERATE_DEBUGGING_SYMBOLS = NO;
				GCC_INLINES_ARE_PRIVATE_EXTERN = NO;
				GCC_OPTIMIZATION_LEVEL = 3;
				GCC_PREPROCESSOR_DEFINITIONS = "'CMAKE_INTDIR=\"$(CONFIGURATION)$(EFFECTIVE_PLATFORM_NAME)\"'";
				GCC_SYMBOLS_PRIVATE_EXTERN = NO;
				HEADER_SEARCH_PATHS = (
					./src,
					"./example/**",
					"./benchmark/**",
				);
				INSTALL_PATH = "";
				LIBRARY_SEARCH_PATHS = "";
				OTHER_CFLAGS = "    -DNDEBUG  ";
				OTHER_CPLUSPLUSFLAGS = (
					"-std=c++1z",
					"-DNDEBUG",
				);
				OTHER_LDFLAGS = (
					"-Wl,-search_paths_first",
					"-Wl,-headerpad_max_install_names",
					"-lz",
					../../build_llama_cpp/libllama.a,
					"-lcrypto",
					"-lz",
				);
				OTHER_REZFLAGS = "";
				PRODUCT_NAME = kmeans;
				SECTORDER_FLAGS = "";
				SYMROOT = ../../build_llama_cpp;
				USE_HEADERMAP = NO;
				WARNING_CFLAGS = (
					"-Wmost",
					"-Wno-four-char-constants",
					"-Wno-unknown-pragmas",
				);
			};
			name = Release;
		};
		70E7FF0E0D05466AA965FADD /* Debug */ = {
			isa = XCBuildConfiguration;
			buildSettings = {
				COMBINE_HIDPI_IMAGES = YES;
				CONFIGURATION_BUILD_DIR = ../../bin_llama_cpp/Debug;
				EXECUTABLE_PREFIX = "";
				EXECUTABLE_SUFFIX = "";
				GCC_GENERATE_DEBUGGING_SYMBOLS = YES;
				GCC_INLINES_ARE_PRIVATE_EXTERN = NO;
				GCC_OPTIMIZATION_LEVEL = 0;
				GCC_PREPROCESSOR_DEFINITIONS = "'CMAKE_INTDIR=\"$(CONFIGURATION)$(EFFECTIVE_PLATFORM_NAME)\"'";
				GCC_SYMBOLS_PRIVATE_EXTERN = NO;
				HEADER_SEARCH_PATHS = (
					./src,
					"./example/**",
					"./benchmark/**",
				);
				INSTALL_PATH = "";
				LIBRARY_SEARCH_PATHS = "";
				OTHER_CFLAGS = "    ";
				OTHER_CPLUSPLUSFLAGS = " -std=c++1z     ";
				OTHER_LDFLAGS = (
					"-Wl,-search_paths_first",
					"-Wl,-headerpad_max_install_names",
					"-lz",
					../../build_llama_cpp/libllama.a,
					"-lcrypto",
					"-lz",
				);
				OTHER_REZFLAGS = "";
				PRODUCT_NAME = sort_test;
				SECTORDER_FLAGS = "";
				SYMROOT = ../../build_llama_cpp;
				USE_HEADERMAP = NO;
				WARNING_CFLAGS = (
					"-Wmost",
					"-Wno-four-char-constants",
					"-Wno-unknown-pragmas",
				);
			};
			name = Debug;
		};
		7C18F2C8AFB344F7B42C9728 /* RelWithDebInfo */ = {
			isa = XCBuildConfiguration;
			buildSettings = {
				COMBINE_HIDPI_IMAGES = YES;
				CONFIGURATION_BUILD_DIR = ../../bin_llama_cpp/RelWithDebInfo;
				EXECUTABLE_PREFIX = "";
				EXECUTABLE_SUFFIX = "";
				GCC_GENERATE_DEBUGGING_SYMBOLS = YES;
				GCC_INLINES_ARE_PRIVATE_EXTERN = NO;
				GCC_OPTIMIZATION_LEVEL = 2;
				GCC_PREPROCESSOR_DEFINITIONS = "'CMAKE_INTDIR=\"$(CONFIGURATION)$(EFFECTIVE_PLATFORM_NAME)\"'";
				GCC_SYMBOLS_PRIVATE_EXTERN = NO;
				HEADER_SEARCH_PATHS = (
					./src,
					"./example/**",
					"./benchmark/**",
				);
				INSTALL_PATH = "";
				LIBRARY_SEARCH_PATHS = "";
				OTHER_CFLAGS = "       -DNDEBUG  ";
				OTHER_CPLUSPLUSFLAGS = (
					"-std=c++1z",
					"-DNDEBUG",
				);
				OTHER_LDFLAGS = (
					"-Wl,-search_paths_first",
					"-Wl,-headerpad_max_install_names",
					"-lz",
					../../build_llama_cpp/libllama.a,
					"-lcrypto",
					"-lz",
				);
				OTHER_REZFLAGS = "";
				PRODUCT_NAME = kmeans;
				SECTORDER_FLAGS = "";
				SYMROOT = ../../build_llama_cpp;
				USE_HEADERMAP = NO;
				WARNING_CFLAGS = (
					"-Wmost",
					"-Wno-four-char-constants",
					"-Wno-unknown-pragmas",
				);
			};
			name = RelWithDebInfo;
		};
		7C4D05197A304D9CAAD7240A /* Release */ = {
			isa = XCBuildConfiguration;
			buildSettings = {
				COMBINE_HIDPI_IMAGES = YES;
				GCC_GENERATE_DEBUGGING_SYMBOLS = NO;
				GCC_INLINES_ARE_PRIVATE_EXTERN = NO;
				GCC_OPTIMIZATION_LEVEL = 0;
				GCC_PREPROCESSOR_DEFINITIONS = "'CMAKE_INTDIR=\"$(CONFIGURATION)$(EFFECTIVE_PLATFORM_NAME)\"'";
				GCC_SYMBOLS_PRIVATE_EXTERN = NO;
				HEADER_SEARCH_PATHS = (
					./src,
					"./example/**",
					"./benchmark/**",
				);
				INSTALL_PATH = "";
				OTHER_CFLAGS = "  ";
				OTHER_LDFLAGS = " ";
				OTHER_REZFLAGS = "";
				PRODUCT_NAME = ZERO_CHECK;
				SECTORDER_FLAGS = "";
				SYMROOT = ../../build_llama_cpp;
				USE_HEADERMAP = NO;
				WARNING_CFLAGS = (
					"-Wmost",
					"-Wno-four-char-constants",
					"-Wno-unknown-pragmas",
				);
			};
			name = Release;
		};
		7E98B5C823D4470D99AEB3A7 /* MinSizeRel */ = {
			isa = XCBuildConfiguration;
			buildSettings = {
				COMBINE_HIDPI_IMAGES = YES;
				GCC_GENERATE_DEBUGGING_SYMBOLS = NO;
				GCC_INLINES_ARE_PRIVATE_EXTERN = NO;
				GCC_OPTIMIZATION_LEVEL = 0;
				GCC_PREPROCESSOR_DEFINITIONS = "'CMAKE_INTDIR=\"$(CONFIGURATION)$(EFFECTIVE_PLATFORM_NAME)\"'";
				GCC_SYMBOLS_PRIVATE_EXTERN = NO;
				HEADER_SEARCH_PATHS = (
					./src,
					"./example/**",
					"./benchmark/**",
				);
				INSTALL_PATH = "";
				OTHER_CFLAGS = "  ";
				OTHER_LDFLAGS = " ";
				OTHER_REZFLAGS = "";
				PRODUCT_NAME = ZERO_CHECK;
				SECTORDER_FLAGS = "";
				SYMROOT = ../../build_llama_cpp;
				USE_HEADERMAP = NO;
				WARNING_CFLAGS = (
					"-Wmost",
					"-Wno-four-char-constants",
					"-Wno-unknown-pragmas",
				);
			};
			name = MinSizeRel;
		};
		805232E4D91A44D584CC87D7 /* MinSizeRel */ = {
			isa = XCBuildConfiguration;
			buildSettings = {
				COMBINE_HIDPI_IMAGES = YES;
				CONFIGURATION_BUILD_DIR = ../../bin_llama_cpp/MinSizeRel;
				EXECUTABLE_PREFIX = "";
				EXECUTABLE_SUFFIX = "";
				GCC_GENERATE_DEBUGGING_SYMBOLS = NO;
				GCC_INLINES_ARE_PRIVATE_EXTERN = NO;
				GCC_OPTIMIZATION_LEVEL = s;
				GCC_PREPROCESSOR_DEFINITIONS = "'CMAKE_INTDIR=\"$(CONFIGURATION)$(EFFECTIVE_PLATFORM_NAME)\"'";
				GCC_SYMBOLS_PRIVATE_EXTERN = NO;
				HEADER_SEARCH_PATHS = (
					./src,
					"./example/**",
					"./benchmark/**",
				);
				INSTALL_PATH = "";
				LIBRARY_SEARCH_PATHS = "";
				OTHER_CFLAGS = "    -DNDEBUG  ";
				OTHER_CPLUSPLUSFLAGS = (
					"-std=c++1z",
					"-DNDEBUG",
				);
				OTHER_LDFLAGS = (
					"-Wl,-search_paths_first",
					"-Wl,-headerpad_max_install_names",
					"-lz",
					../../build_llama_cpp/libllama.a,
					"-lcrypto",
					"-lz",
				);
				OTHER_REZFLAGS = "";
				PRODUCT_NAME = kmeans;
				SECTORDER_FLAGS = "";
				SYMROOT = ../../build_llama_cpp;
				USE_HEADERMAP = NO;
				WARNING_CFLAGS = (
					"-Wmost",
					"-Wno-four-char-constants",
					"-Wno-unknown-pragmas",
				);
			};
			name = MinSizeRel;
		};
		8108D775E85C4585B3A468FB /* RelWithDebInfo */ = {
			isa = XCBuildConfiguration;
			buildSettings = {
				COMBINE_HIDPI_IMAGES = YES;
				GCC_GENERATE_DEBUGGING_SYMBOLS = NO;
				GCC_INLINES_ARE_PRIVATE_EXTERN = NO;
				GCC_OPTIMIZATION_LEVEL = 0;
				GCC_PREPROCESSOR_DEFINITIONS = "'CMAKE_INTDIR=\"$(CONFIGURATION)$(EFFECTIVE_PLATFORM_NAME)\"'";
				GCC_SYMBOLS_PRIVATE_EXTERN = NO;
				HEADER_SEARCH_PATHS = (
					./src,
					"./example/**",
					"./benchmark/**",
				);
				INSTALL_PATH = "";
				OTHER_CFLAGS = "  ";
				OTHER_LDFLAGS = " ";
				OTHER_REZFLAGS = "";
				PRODUCT_NAME = ALL_BUILD;
				SECTORDER_FLAGS = "";
				SYMROOT = ../../build_llama_cpp;
				USE_HEADERMAP = NO;
				WARNING_CFLAGS = (
					"-Wmost",
					"-Wno-four-char-constants",
					"-Wno-unknown-pragmas",
				);
			};
			name = RelWithDebInfo;
		};
		814772FB12B844228A7A44C7 /* MinSizeRel */ = {
			isa = XCBuildConfiguration;
			buildSettings = {
				COMBINE_HIDPI_IMAGES = YES;
				CONFIGURATION_BUILD_DIR = ../../bin_llama_cpp/MinSizeRel;
				EXECUTABLE_PREFIX = "";
				EXECUTABLE_SUFFIX = "";
				GCC_GENERATE_DEBUGGING_SYMBOLS = NO;
				GCC_INLINES_ARE_PRIVATE_EXTERN = NO;
				GCC_OPTIMIZATION_LEVEL = s;
				GCC_PREPROCESSOR_DEFINITIONS = "'CMAKE_INTDIR=\"$(CONFIGURATION)$(EFFECTIVE_PLATFORM_NAME)\"'";
				GCC_SYMBOLS_PRIVATE_EXTERN = NO;
				HEADER_SEARCH_PATHS = (
					./src,
					"./example/**",
					"./benchmark/**",
				);
				INSTALL_PATH = "";
				LIBRARY_SEARCH_PATHS = "";
				OTHER_CFLAGS = "    -DNDEBUG  ";
				OTHER_CPLUSPLUSFLAGS = (
					"-std=c++1z",
					"-DNDEBUG",
				);
				OTHER_LDFLAGS = (
					"-Wl,-search_paths_first",
					"-Wl,-headerpad_max_install_names",
					"-lz",
					../../build_llama_cpp/libllama.a,
					../../benchmark_llama_cpp/src/libbenchmark.a,
					"-lcrypto",
					"-lz",
				);
				OTHER_REZFLAGS = "";
				PRODUCT_NAME = sort_benchmark;
				SECTORDER_FLAGS = "";
				SYMROOT = ../../build_llama_cpp;
				USE_HEADERMAP = NO;
				WARNING_CFLAGS = (
					"-Wmost",
					"-Wno-four-char-constants",
					"-Wno-unknown-pragmas",
				);
			};
			name = MinSizeRel;
		};
		9761D1A9E90E419EBA95EFC6 /* MinSizeRel */ = {
			isa = XCBuildConfiguration;
			buildSettings = {
				COMBINE_HIDPI_IMAGES = YES;
				CONFIGURATION_BUILD_DIR = ../../bin_llama_cpp/MinSizeRel;
				EXECUTABLE_PREFIX = "";
				EXECUTABLE_SUFFIX = "";
				GCC_GENERATE_DEBUGGING_SYMBOLS = NO;
				GCC_INLINES_ARE_PRIVATE_EXTERN = NO;
				GCC_OPTIMIZATION_LEVEL = s;
				GCC_PREPROCESSOR_DEFINITIONS = "'CMAKE_INTDIR=\"$(CONFIGURATION)$(EFFECTIVE_PLATFORM_NAME)\"'";
				GCC_SYMBOLS_PRIVATE_EXTERN = NO;
				HEADER_SEARCH_PATHS = (
					./src,
					"./example/**",
					"./benchmark/**",
				);
				INSTALL_PATH = "";
				LIBRARY_SEARCH_PATHS = "";
				OTHER_CFLAGS = "    -DNDEBUG  ";
				OTHER_CPLUSPLUSFLAGS = (
					"-std=c++1z",
					"-DNDEBUG",
				);
				OTHER_LDFLAGS = (
					"-Wl,-search_paths_first",
					"-Wl,-headerpad_max_install_names",
					"-lz",
					../../build_llama_cpp/libllama.a,
					"-lcrypto",
					"-lz",
				);
				OTHER_REZFLAGS = "";
				PRODUCT_NAME = mersenne_twister;
				SECTORDER_FLAGS = "";
				SYMROOT = ../../build_llama_cpp;
				USE_HEADERMAP = NO;
				WARNING_CFLAGS = (
					"-Wmost",
					"-Wno-four-char-constants",
					"-Wno-unknown-pragmas",
				);
			};
			name = MinSizeRel;
		};
		9D9EF8B12064406792DA930E /* Release */ = {
			isa = XCBuildConfiguration;
			buildSettings = {
				COMBINE_HIDPI_IMAGES = YES;
				CONFIGURATION_BUILD_DIR = ../../bin_llama_cpp/Release;
				EXECUTABLE_PREFIX = "";
				EXECUTABLE_SUFFIX = "";
				GCC_GENERATE_DEBUGGING_SYMBOLS = NO;
				GCC_INLINES_ARE_PRIVATE_EXTERN = NO;
				GCC_OPTIMIZATION_LEVEL = 3;
				GCC_PREPROCESSOR_DEFINITIONS = "'CMAKE_INTDIR=\"$(CONFIGURATION)$(EFFECTIVE_PLATFORM_NAME)\"'";
				GCC_SYMBOLS_PRIVATE_EXTERN = NO;
				HEADER_SEARCH_PATHS = (
					./src,
					"./example/**",
					"./benchmark/**",
				);
				INSTALL_PATH = "";
				LIBRARY_SEARCH_PATHS = "";
				OTHER_CFLAGS = "    -DNDEBUG  ";
				OTHER_CPLUSPLUSFLAGS = (
					"-std=c++1z",
					"-DNDEBUG",
				);
				OTHER_LDFLAGS = (
					"-Wl,-search_paths_first",
					"-Wl,-headerpad_max_install_names",
					"-lz",
					../../build_llama_cpp/libllama.a,
					"-lcrypto",
					"-lz",
				);
				OTHER_REZFLAGS = "";
				PRODUCT_NAME = spam_classification;
				SECTORDER_FLAGS = "";
				SYMROOT = ../../build_llama_cpp;
				USE_HEADERMAP = NO;
				WARNING_CFLAGS = (
					"-Wmost",
					"-Wno-four-char-constants",
					"-Wno-unknown-pragmas",
				);
			};
			name = Release;
		};
		9EB7BB0E10B44C789B7BC518 /* MinSizeRel */ = {
			isa = XCBuildConfiguration;
			buildSettings = {
				COMBINE_HIDPI_IMAGES = YES;
				GCC_GENERATE_DEBUGGING_SYMBOLS = NO;
				GCC_INLINES_ARE_PRIVATE_EXTERN = NO;
				GCC_OPTIMIZATION_LEVEL = 0;
				GCC_PREPROCESSOR_DEFINITIONS = "'CMAKE_INTDIR=\"$(CONFIGURATION)$(EFFECTIVE_PLATFORM_NAME)\"'";
				GCC_SYMBOLS_PRIVATE_EXTERN = NO;
				HEADER_SEARCH_PATHS = (
					./src,
					"./example/**",
					"./benchmark/**",
				);
				INSTALL_PATH = "";
				OTHER_CFLAGS = "  ";
				OTHER_LDFLAGS = " ";
				OTHER_REZFLAGS = "";
				PRODUCT_NAME = ALL_BUILD;
				SECTORDER_FLAGS = "";
				SYMROOT = ../../build_llama_cpp;
				USE_HEADERMAP = NO;
				WARNING_CFLAGS = (
					"-Wmost",
					"-Wno-four-char-constants",
					"-Wno-unknown-pragmas",
				);
			};
			name = MinSizeRel;
		};
		A612B54A59C14AB8A9BFD72F /* Debug */ = {
			isa = XCBuildConfiguration;
			buildSettings = {
				COMBINE_HIDPI_IMAGES = YES;
				GCC_GENERATE_DEBUGGING_SYMBOLS = NO;
				GCC_INLINES_ARE_PRIVATE_EXTERN = NO;
				GCC_OPTIMIZATION_LEVEL = 0;
				GCC_PREPROCESSOR_DEFINITIONS = "'CMAKE_INTDIR=\"$(CONFIGURATION)$(EFFECTIVE_PLATFORM_NAME)\"'";
				GCC_SYMBOLS_PRIVATE_EXTERN = NO;
				HEADER_SEARCH_PATHS = (
					./src,
					"./example/**",
					"./benchmark/**",
				);
				INSTALL_PATH = "";
				OTHER_CFLAGS = "  ";
				OTHER_LDFLAGS = " ";
				OTHER_REZFLAGS = "";
				PRODUCT_NAME = RUN_TESTS;
				SECTORDER_FLAGS = "";
				SYMROOT = ../../build_llama_cpp;
				USE_HEADERMAP = NO;
				WARNING_CFLAGS = (
					"-Wmost",
					"-Wno-four-char-constants",
					"-Wno-unknown-pragmas",
				);
			};
			name = Debug;
		};
		A63137A299F842C2B91C0156 /* RelWithDebInfo */ = {
			isa = XCBuildConfiguration;
			buildSettings = {
				COMBINE_HIDPI_IMAGES = YES;
				CONFIGURATION_BUILD_DIR = ../../bin_llama_cpp/RelWithDebInfo;
				EXECUTABLE_PREFIX = "";
				EXECUTABLE_SUFFIX = "";
				GCC_GENERATE_DEBUGGING_SYMBOLS = YES;
				GCC_INLINES_ARE_PRIVATE_EXTERN = NO;
				GCC_OPTIMIZATION_LEVEL = 2;
				GCC_PREPROCESSOR_DEFINITIONS = "'CMAKE_INTDIR=\"$(CONFIGURATION)$(EFFECTIVE_PLATFORM_NAME)\"'";
				GCC_SYMBOLS_PRIVATE_EXTERN = NO;
				HEADER_SEARCH_PATHS = (
					./src,
					"./example/**",
					"./benchmark/**",
				);
				INSTALL_PATH = "";
				LIBRARY_SEARCH_PATHS = "";
				OTHER_CFLAGS = "       -DNDEBUG  ";
				OTHER_CPLUSPLUSFLAGS = (
					"-std=c++1z",
					"-DNDEBUG",
				);
				OTHER_LDFLAGS = (
					"-Wl,-search_paths_first",
					"-Wl,-headerpad_max_install_names",
					"-lz",
					../../build_llama_cpp/libllama.a,
					../../benchmark_llama_cpp/src/libbenchmark.a,
					"-lcrypto",
					"-lz",
				);
				OTHER_REZFLAGS = "";
				PRODUCT_NAME = sort_benchmark;
				SECTORDER_FLAGS = "";
				SYMROOT = ../../build_llama_cpp;
				USE_HEADERMAP = NO;
				WARNING_CFLAGS = (
					"-Wmost",
					"-Wno-four-char-constants",
					"-Wno-unknown-pragmas",
				);
			};
			name = RelWithDebInfo;
		};
		A7AC742233EE4D3AA214FEDB /* Release */ = {
			isa = XCBuildConfiguration;
			buildSettings = {
				COMBINE_HIDPI_IMAGES = YES;
				CONFIGURATION_BUILD_DIR = ../../bin_llama_cpp/Release;
				EXECUTABLE_PREFIX = "";
				EXECUTABLE_SUFFIX = "";
				GCC_GENERATE_DEBUGGING_SYMBOLS = NO;
				GCC_INLINES_ARE_PRIVATE_EXTERN = NO;
				GCC_OPTIMIZATION_LEVEL = 3;
				GCC_PREPROCESSOR_DEFINITIONS = "'CMAKE_INTDIR=\"$(CONFIGURATION)$(EFFECTIVE_PLATFORM_NAME)\"'";
				GCC_SYMBOLS_PRIVATE_EXTERN = NO;
				HEADER_SEARCH_PATHS = (
					./src,
					"./example/**",
					"./benchmark/**",
				);
				INSTALL_PATH = "";
				LIBRARY_SEARCH_PATHS = "";
				OTHER_CFLAGS = "    -DNDEBUG  ";
				OTHER_CPLUSPLUSFLAGS = (
					"-std=c++1z",
					"-DNDEBUG",
				);
				OTHER_LDFLAGS = (
					"-Wl,-search_paths_first",
					"-Wl,-headerpad_max_install_names",
					"-lz",
					../../build_llama_cpp/libllama.a,
					../../benchmark_llama_cpp/src/libbenchmark.a,
					"-lcrypto",
					"-lz",
				);
				OTHER_REZFLAGS = "";
				PRODUCT_NAME = sort_benchmark;
				SECTORDER_FLAGS = "";
				SYMROOT = ../../build_llama_cpp;
				USE_HEADERMAP = NO;
				WARNING_CFLAGS = (
					"-Wmost",
					"-Wno-four-char-constants",
					"-Wno-unknown-pragmas",
				);
			};
			name = Release;
		};
		A89F885906484A0AB167410E /* Debug */ = {
			isa = XCBuildConfiguration;
			buildSettings = {
				COMBINE_HIDPI_IMAGES = YES;
				CONFIGURATION_BUILD_DIR = ../../bin_llama_cpp/Debug;
				EXECUTABLE_PREFIX = "";
				EXECUTABLE_SUFFIX = "";
				GCC_GENERATE_DEBUGGING_SYMBOLS = YES;
				GCC_INLINES_ARE_PRIVATE_EXTERN = NO;
				GCC_OPTIMIZATION_LEVEL = 0;
				GCC_PREPROCESSOR_DEFINITIONS = "'CMAKE_INTDIR=\"$(CONFIGURATION)$(EFFECTIVE_PLATFORM_NAME)\"'";
				GCC_SYMBOLS_PRIVATE_EXTERN = NO;
				HEADER_SEARCH_PATHS = (
					./src,
					"./example/**",
					"./benchmark/**",
				);
				INSTALL_PATH = "";
				LIBRARY_SEARCH_PATHS = "";
				OTHER_CFLAGS = "    ";
				OTHER_CPLUSPLUSFLAGS = " -std=c++1z     ";
				OTHER_LDFLAGS = (
					"-Wl,-search_paths_first",
					"-Wl,-headerpad_max_install_names",
					"-lz",
					../../build_llama_cpp/libllama.a,
					"-lcrypto",
					"-lz",
				);
				OTHER_REZFLAGS = "";
				PRODUCT_NAME = mersenne_twister;
				SECTORDER_FLAGS = "";
				SYMROOT = ../../build_llama_cpp;
				USE_HEADERMAP = NO;
				WARNING_CFLAGS = (
					"-Wmost",
					"-Wno-four-char-constants",
					"-Wno-unknown-pragmas",
				);
			};
			name = Debug;
		};
		B121D75E48D8471CA28A7C15 /* Debug */ = {
			isa = XCBuildConfiguration;
			buildSettings = {
				COMBINE_HIDPI_IMAGES = YES;
				CONFIGURATION_BUILD_DIR = ../../bin_llama_cpp/Debug;
				EXECUTABLE_PREFIX = "";
				EXECUTABLE_SUFFIX = "";
				GCC_GENERATE_DEBUGGING_SYMBOLS = YES;
				GCC_INLINES_ARE_PRIVATE_EXTERN = NO;
				GCC_OPTIMIZATION_LEVEL = 0;
				GCC_PREPROCESSOR_DEFINITIONS = "'CMAKE_INTDIR=\"$(CONFIGURATION)$(EFFECTIVE_PLATFORM_NAME)\"'";
				GCC_SYMBOLS_PRIVATE_EXTERN = NO;
				HEADER_SEARCH_PATHS = (
					./src,
					"./example/**",
					"./benchmark/**",
				);
				INSTALL_PATH = "";
				LIBRARY_SEARCH_PATHS = "";
				OTHER_CFLAGS = "    ";
				OTHER_CPLUSPLUSFLAGS = " -std=c++1z     ";
				OTHER_LDFLAGS = (
					"-Wl,-search_paths_first",
					"-Wl,-headerpad_max_install_names",
					"-lz",
					../../build_llama_cpp/libllama.a,
					"-lcrypto",
					"-lz",
				);
				OTHER_REZFLAGS = "";
				PRODUCT_NAME = kmeans;
				SECTORDER_FLAGS = "";
				SYMROOT = ../../build_llama_cpp;
				USE_HEADERMAP = NO;
				WARNING_CFLAGS = (
					"-Wmost",
					"-Wno-four-char-constants",
					"-Wno-unknown-pragmas",
				);
			};
			name = Debug;
		};
		B31CA5800AA04F109DF6E219 /* Debug */ = {
			isa = XCBuildConfiguration;
			buildSettings = {
				COMBINE_HIDPI_IMAGES = YES;
				CONFIGURATION_BUILD_DIR = ../../bin_llama_cpp/Debug;
				EXECUTABLE_PREFIX = "";
				EXECUTABLE_SUFFIX = "";
				GCC_GENERATE_DEBUGGING_SYMBOLS = YES;
				GCC_INLINES_ARE_PRIVATE_EXTERN = NO;
				GCC_OPTIMIZATION_LEVEL = 0;
				GCC_PREPROCESSOR_DEFINITIONS = "'CMAKE_INTDIR=\"$(CONFIGURATION)$(EFFECTIVE_PLATFORM_NAME)\"'";
				GCC_SYMBOLS_PRIVATE_EXTERN = NO;
				HEADER_SEARCH_PATHS = (
					./src,
					"./example/**",
					"./benchmark/**",
				);
				INSTALL_PATH = "";
				LIBRARY_SEARCH_PATHS = "";
				OTHER_CFLAGS = "    ";
				OTHER_CPLUSPLUSFLAGS = " -std=c++1z     ";
				OTHER_LDFLAGS = (
					"-Wl,-search_paths_first",
					"-Wl,-headerpad_max_install_names",
					"-lz",
					../../build_llama_cpp/libllama.a,
					"-lcrypto",
					"-lz",
				);
				OTHER_REZFLAGS = "";
				PRODUCT_NAME = rsa;
				SECTORDER_FLAGS = "";
				SYMROOT = ../../build_llama_cpp;
				USE_HEADERMAP = NO;
				WARNING_CFLAGS = (
					"-Wmost",
					"-Wno-four-char-constants",
					"-Wno-unknown-pragmas",
				);
			};
			name = Debug;
		};
		B6184564533C40599532EC92 /* Release */ = {
			isa = XCBuildConfiguration;
			buildSettings = {
				COMBINE_HIDPI_IMAGES = YES;
				CONFIGURATION_BUILD_DIR = ../../bin_llama_cpp/Release;
				EXECUTABLE_PREFIX = "";
				EXECUTABLE_SUFFIX = "";
				GCC_GENERATE_DEBUGGING_SYMBOLS = NO;
				GCC_INLINES_ARE_PRIVATE_EXTERN = NO;
				GCC_OPTIMIZATION_LEVEL = 3;
				GCC_PREPROCESSOR_DEFINITIONS = "'CMAKE_INTDIR=\"$(CONFIGURATION)$(EFFECTIVE_PLATFORM_NAME)\"'";
				GCC_SYMBOLS_PRIVATE_EXTERN = NO;
				HEADER_SEARCH_PATHS = (
					./src,
					"./example/**",
					"./benchmark/**",
				);
				INSTALL_PATH = "";
				LIBRARY_SEARCH_PATHS = "";
				OTHER_CFLAGS = "    -DNDEBUG  ";
				OTHER_CPLUSPLUSFLAGS = (
					"-std=c++1z",
					"-DNDEBUG",
				);
				OTHER_LDFLAGS = (
					"-Wl,-search_paths_first",
					"-Wl,-headerpad_max_install_names",
					"-lz",
					../../build_llama_cpp/libllama.a,
					"-lcrypto",
					"-lz",
				);
				OTHER_REZFLAGS = "";
				PRODUCT_NAME = sort_test;
				SECTORDER_FLAGS = "";
				SYMROOT = ../../build_llama_cpp;
				USE_HEADERMAP = NO;
				WARNING_CFLAGS = (
					"-Wmost",
					"-Wno-four-char-constants",
					"-Wno-unknown-pragmas",
				);
			};
			name = Release;
		};
		BC0325E4C1D84FCAA1521424 /* Debug */ = {
			isa = XCBuildConfiguration;
			buildSettings = {
				COMBINE_HIDPI_IMAGES = YES;
				GCC_GENERATE_DEBUGGING_SYMBOLS = NO;
				GCC_INLINES_ARE_PRIVATE_EXTERN = NO;
				GCC_OPTIMIZATION_LEVEL = 0;
				GCC_PREPROCESSOR_DEFINITIONS = "'CMAKE_INTDIR=\"$(CONFIGURATION)$(EFFECTIVE_PLATFORM_NAME)\"'";
				GCC_SYMBOLS_PRIVATE_EXTERN = NO;
				HEADER_SEARCH_PATHS = (
					./src,
					"./example/**",
					"./benchmark/**",
				);
				INSTALL_PATH = "";
				OTHER_CFLAGS = "  ";
				OTHER_LDFLAGS = " ";
				OTHER_REZFLAGS = "";
				PRODUCT_NAME = ALL_BUILD;
				SECTORDER_FLAGS = "";
				SYMROOT = ../../build_llama_cpp;
				USE_HEADERMAP = NO;
				WARNING_CFLAGS = (
					"-Wmost",
					"-Wno-four-char-constants",
					"-Wno-unknown-pragmas",
				);
			};
			name = Debug;
		};
		C26824C242014F688F984EBE /* MinSizeRel */ = {
			isa = XCBuildConfiguration;
			buildSettings = {
				COMBINE_HIDPI_IMAGES = YES;
				CONFIGURATION_BUILD_DIR = ../../bin_llama_cpp/MinSizeRel;
				EXECUTABLE_PREFIX = "";
				EXECUTABLE_SUFFIX = "";
				GCC_GENERATE_DEBUGGING_SYMBOLS = NO;
				GCC_INLINES_ARE_PRIVATE_EXTERN = NO;
				GCC_OPTIMIZATION_LEVEL = s;
				GCC_PREPROCESSOR_DEFINITIONS = "'CMAKE_INTDIR=\"$(CONFIGURATION)$(EFFECTIVE_PLATFORM_NAME)\"'";
				GCC_SYMBOLS_PRIVATE_EXTERN = NO;
				HEADER_SEARCH_PATHS = (
					./src,
					"./example/**",
					"./benchmark/**",
				);
				INSTALL_PATH = "";
				LIBRARY_SEARCH_PATHS = "";
				OTHER_CFLAGS = "    -DNDEBUG  ";
				OTHER_CPLUSPLUSFLAGS = (
					"-std=c++1z",
					"-DNDEBUG",
				);
				OTHER_LDFLAGS = (
					"-Wl,-search_paths_first",
					"-Wl,-headerpad_max_install_names",
					"-lz",
					../../build_llama_cpp/libllama.a,
					"-lcrypto",
					"-lz",
				);
				OTHER_REZFLAGS = "";
				PRODUCT_NAME = sort_test;
				SECTORDER_FLAGS = "";
				SYMROOT = ../../build_llama_cpp;
				USE_HEADERMAP = NO;
				WARNING_CFLAGS = (
					"-Wmost",
					"-Wno-four-char-constants",
					"-Wno-unknown-pragmas",
				);
			};
			name = MinSizeRel;
		};
		C48E769573734B4A897F8413 /* Debug */ = {
			isa = XCBuildConfiguration;
			buildSettings = {
				ENABLE_TESTABILITY = YES;
				ONLY_ACTIVE_ARCH = YES;
				SDKROOT = /Applications/Xcode.app/Contents/Developer/Platforms/MacOSX.platform/Developer/SDKs/MacOSX10.11.sdk;
				SYMROOT = ../../build_llama_cpp/build;
			};
			name = Debug;
		};
		C6B0492EE3174B9BB4D1B252 /* Release */ = {
			isa = XCBuildConfiguration;
			buildSettings = {
				COMBINE_HIDPI_IMAGES = YES;
				CONFIGURATION_BUILD_DIR = "$(BUILD_DIR)/$(EFFECTIVE_PLATFORM_NAME)";
				EXECUTABLE_PREFIX = lib;
				EXECUTABLE_SUFFIX = .a;
				GCC_GENERATE_DEBUGGING_SYMBOLS = NO;
				GCC_INLINES_ARE_PRIVATE_EXTERN = NO;
				GCC_OPTIMIZATION_LEVEL = 3;
				GCC_PREPROCESSOR_DEFINITIONS = "'CMAKE_INTDIR=\"$(CONFIGURATION)$(EFFECTIVE_PLATFORM_NAME)\"'";
				GCC_SYMBOLS_PRIVATE_EXTERN = NO;
				HEADER_SEARCH_PATHS = (
					./src,
					"./example/**",
					"./benchmark/**",
				);
				INSTALL_PATH = "";
				LIBRARY_STYLE = STATIC;
				OTHER_CFLAGS = "    -DNDEBUG  ";
				OTHER_CPLUSPLUSFLAGS = (
					"-std=c++1z",
					"-DNDEBUG",
				);
				OTHER_LIBTOOLFLAGS = " ";
				OTHER_REZFLAGS = "";
				PRODUCT_NAME = llama;
				SECTORDER_FLAGS = "";
				SYMROOT = ../../build_llama_cpp;
				USE_HEADERMAP = NO;
				WARNING_CFLAGS = (
					"-Wmost",
					"-Wno-four-char-constants",
					"-Wno-unknown-pragmas",
				);
			};
			name = Release;
		};
		CEFBFFF107E44E7184E41B1D /* Debug */ = {
			isa = XCBuildConfiguration;
			buildSettings = {
				COMBINE_HIDPI_IMAGES = YES;
				GCC_GENERATE_DEBUGGING_SYMBOLS = NO;
				GCC_INLINES_ARE_PRIVATE_EXTERN = NO;
				GCC_OPTIMIZATION_LEVEL = 0;
				GCC_PREPROCESSOR_DEFINITIONS = "'CMAKE_INTDIR=\"$(CONFIGURATION)$(EFFECTIVE_PLATFORM_NAME)\"'";
				GCC_SYMBOLS_PRIVATE_EXTERN = NO;
				HEADER_SEARCH_PATHS = (
					./src,
					"./example/**",
					"./benchmark/**",
				);
				INSTALL_PATH = "";
				OTHER_CFLAGS = "  ";
				OTHER_LDFLAGS = " ";
				OTHER_REZFLAGS = "";
				PRODUCT_NAME = ZERO_CHECK;
				SECTORDER_FLAGS = "";
				SYMROOT = ../../build_llama_cpp;
				USE_HEADERMAP = NO;
				WARNING_CFLAGS = (
					"-Wmost",
					"-Wno-four-char-constants",
					"-Wno-unknown-pragmas",
				);
			};
			name = Debug;
		};
		D63D622EBEDD4A49BD7F8C54 /* MinSizeRel */ = {
			isa = XCBuildConfiguration;
			buildSettings = {
				COMBINE_HIDPI_IMAGES = YES;
				CONFIGURATION_BUILD_DIR = "$(BUILD_DIR)/$(EFFECTIVE_PLATFORM_NAME)";
				EXECUTABLE_PREFIX = lib;
				EXECUTABLE_SUFFIX = .a;
				GCC_GENERATE_DEBUGGING_SYMBOLS = NO;
				GCC_INLINES_ARE_PRIVATE_EXTERN = NO;
				GCC_OPTIMIZATION_LEVEL = s;
				GCC_PREPROCESSOR_DEFINITIONS = "'CMAKE_INTDIR=\"$(CONFIGURATION)$(EFFECTIVE_PLATFORM_NAME)\"'";
				GCC_SYMBOLS_PRIVATE_EXTERN = NO;
				HEADER_SEARCH_PATHS = (
					./src,
					"./example/**",
					"./benchmark/**",
				);
				INSTALL_PATH = "";
				LIBRARY_STYLE = STATIC;
				OTHER_CFLAGS = "    -DNDEBUG  ";
				OTHER_CPLUSPLUSFLAGS = (
					"-std=c++1z",
					"-DNDEBUG",
				);
				OTHER_LIBTOOLFLAGS = " ";
				OTHER_REZFLAGS = "";
				PRODUCT_NAME = llama;
				SECTORDER_FLAGS = "";
				SYMROOT = ../../build_llama_cpp;
				USE_HEADERMAP = NO;
				WARNING_CFLAGS = (
					"-Wmost",
					"-Wno-four-char-constants",
					"-Wno-unknown-pragmas",
				);
			};
			name = MinSizeRel;
		};
		E87983C5247E4975A6B656C7 /* RelWithDebInfo */ = {
			isa = XCBuildConfiguration;
			buildSettings = {
				COMBINE_HIDPI_IMAGES = YES;
				CONFIGURATION_BUILD_DIR = ../../bin_llama_cpp/RelWithDebInfo;
				EXECUTABLE_PREFIX = "";
				EXECUTABLE_SUFFIX = "";
				GCC_GENERATE_DEBUGGING_SYMBOLS = YES;
				GCC_INLINES_ARE_PRIVATE_EXTERN = NO;
				GCC_OPTIMIZATION_LEVEL = 2;
				GCC_PREPROCESSOR_DEFINITIONS = "'CMAKE_INTDIR=\"$(CONFIGURATION)$(EFFECTIVE_PLATFORM_NAME)\"'";
				GCC_SYMBOLS_PRIVATE_EXTERN = NO;
				HEADER_SEARCH_PATHS = (
					./src,
					"./example/**",
					"./benchmark/**",
				);
				INSTALL_PATH = "";
				LIBRARY_SEARCH_PATHS = "";
				OTHER_CFLAGS = "       -DNDEBUG  ";
				OTHER_CPLUSPLUSFLAGS = (
					"-std=c++1z",
					"-DNDEBUG",
				);
				OTHER_LDFLAGS = (
					"-Wl,-search_paths_first",
					"-Wl,-headerpad_max_install_names",
					"-lz",
					../../build_llama_cpp/libllama.a,
					"-lcrypto",
					"-lz",
				);
				OTHER_REZFLAGS = "";
				PRODUCT_NAME = alpaca_sort_test;
				SECTORDER_FLAGS = "";
				SYMROOT = ../../build_llama_cpp;
				USE_HEADERMAP = NO;
				WARNING_CFLAGS = (
					"-Wmost",
					"-Wno-four-char-constants",
					"-Wno-unknown-pragmas",
				);
			};
			name = RelWithDebInfo;
		};
		E9E1352D921146D3BAFCCB3B /* Debug */ = {
			isa = XCBuildConfiguration;
			buildSettings = {
				COMBINE_HIDPI_IMAGES = YES;
				CONFIGURATION_BUILD_DIR = ../../bin_llama_cpp/Debug;
				EXECUTABLE_PREFIX = "";
				EXECUTABLE_SUFFIX = "";
				GCC_GENERATE_DEBUGGING_SYMBOLS = YES;
				GCC_INLINES_ARE_PRIVATE_EXTERN = NO;
				GCC_OPTIMIZATION_LEVEL = 0;
				GCC_PREPROCESSOR_DEFINITIONS = "'CMAKE_INTDIR=\"$(CONFIGURATION)$(EFFECTIVE_PLATFORM_NAME)\"'";
				GCC_SYMBOLS_PRIVATE_EXTERN = NO;
				HEADER_SEARCH_PATHS = (
					./src,
					"./example/**",
					"./benchmark/**",
				);
				INSTALL_PATH = "";
				LIBRARY_SEARCH_PATHS = "";
				OTHER_CFLAGS = "    ";
				OTHER_CPLUSPLUSFLAGS = " -std=c++1z     ";
				OTHER_LDFLAGS = (
					"-Wl,-search_paths_first",
					"-Wl,-headerpad_max_install_names",
					"-lz",
					../../build_llama_cpp/libllama.a,
					../../benchmark_llama_cpp/src/libbenchmark.a,
					"-lcrypto",
					"-lz",
				);
				OTHER_REZFLAGS = "";
				PRODUCT_NAME = sort_benchmark;
				SECTORDER_FLAGS = "";
				SYMROOT = ../../build_llama_cpp;
				USE_HEADERMAP = NO;
				WARNING_CFLAGS = (
					"-Wmost",
					"-Wno-four-char-constants",
					"-Wno-unknown-pragmas",
				);
			};
			name = Debug;
		};
		EAF631C8276642F389500DD0 /* MinSizeRel */ = {
			isa = XCBuildConfiguration;
			buildSettings = {
				COMBINE_HIDPI_IMAGES = YES;
				CONFIGURATION_BUILD_DIR = ../../bin_llama_cpp/MinSizeRel;
				EXECUTABLE_PREFIX = "";
				EXECUTABLE_SUFFIX = "";
				GCC_GENERATE_DEBUGGING_SYMBOLS = NO;
				GCC_INLINES_ARE_PRIVATE_EXTERN = NO;
				GCC_OPTIMIZATION_LEVEL = s;
				GCC_PREPROCESSOR_DEFINITIONS = "'CMAKE_INTDIR=\"$(CONFIGURATION)$(EFFECTIVE_PLATFORM_NAME)\"'";
				GCC_SYMBOLS_PRIVATE_EXTERN = NO;
				HEADER_SEARCH_PATHS = (
					./src,
					"./example/**",
					"./benchmark/**",
				);
				INSTALL_PATH = "";
				LIBRARY_SEARCH_PATHS = "";
				OTHER_CFLAGS = "    -DNDEBUG  ";
				OTHER_CPLUSPLUSFLAGS = (
					"-std=c++1z",
					"-DNDEBUG",
				);
				OTHER_LDFLAGS = (
					"-Wl,-search_paths_first",
					"-Wl,-headerpad_max_install_names",
					"-lz",
					../../build_llama_cpp/libllama.a,
					"-lcrypto",
					"-lz",
				);
				OTHER_REZFLAGS = "";
				PRODUCT_NAME = alpaca_sort_test;
				SECTORDER_FLAGS = "";
				SYMROOT = ../../build_llama_cpp;
				USE_HEADERMAP = NO;
				WARNING_CFLAGS = (
					"-Wmost",
					"-Wno-four-char-constants",
					"-Wno-unknown-pragmas",
				);
			};
			name = MinSizeRel;
		};
		F0FB6627A2A34DD69C1CC750 /* RelWithDebInfo */ = {
			isa = XCBuildConfiguration;
			buildSettings = {
				COMBINE_HIDPI_IMAGES = YES;
				CONFIGURATION_BUILD_DIR = ../../bin_llama_cpp/RelWithDebInfo;
				EXECUTABLE_PREFIX = "";
				EXECUTABLE_SUFFIX = "";
				GCC_GENERATE_DEBUGGING_SYMBOLS = YES;
				GCC_INLINES_ARE_PRIVATE_EXTERN = NO;
				GCC_OPTIMIZATION_LEVEL = 2;
				GCC_PREPROCESSOR_DEFINITIONS = "'CMAKE_INTDIR=\"$(CONFIGURATION)$(EFFECTIVE_PLATFORM_NAME)\"'";
				GCC_SYMBOLS_PRIVATE_EXTERN = NO;
				HEADER_SEARCH_PATHS = (
					./src,
					"./example/**",
					"./benchmark/**",
				);
				INSTALL_PATH = "";
				LIBRARY_SEARCH_PATHS = "";
				OTHER_CFLAGS = "       -DNDEBUG  ";
				OTHER_CPLUSPLUSFLAGS = (
					"-std=c++1z",
					"-DNDEBUG",
				);
				OTHER_LDFLAGS = (
					"-Wl,-search_paths_first",
					"-Wl,-headerpad_max_install_names",
					"-lz",
					../../build_llama_cpp/libllama.a,
					"-lcrypto",
					"-lz",
				);
				OTHER_REZFLAGS = "";
				PRODUCT_NAME = test_build;
				SECTORDER_FLAGS = "";
				SYMROOT = ../../build_llama_cpp;
				USE_HEADERMAP = NO;
				WARNING_CFLAGS = (
					"-Wmost",
					"-Wno-four-char-constants",
					"-Wno-unknown-pragmas",
				);
			};
			name = RelWithDebInfo;
		};
		F119222D57AD4411B5C4F0C7 /* MinSizeRel */ = {
			isa = XCBuildConfiguration;
			buildSettings = {
				ONLY_ACTIVE_ARCH = YES;
				SDKROOT = /Applications/Xcode.app/Contents/Developer/Platforms/MacOSX.platform/Developer/SDKs/MacOSX10.11.sdk;
				SYMROOT = ../../build_llama_cpp/build;
			};
			name = MinSizeRel;
		};
/* End XCBuildConfiguration section */

/* Begin XCConfigurationList section */
		1AB2358D2C0D42F2ADE11007 /* Build configuration list for PBXNativeTarget "rsa" */ = {
			isa = XCConfigurationList;
			buildConfigurations = (
				B31CA5800AA04F109DF6E219 /* Debug */,
				1F40155E3C9E4DACA36032A8 /* Release */,
				51A5B8DEB16A4070A5BEE078 /* MinSizeRel */,
				0CDFB2E0DA0B488092E21E89 /* RelWithDebInfo */,
			);
			defaultConfigurationIsVisible = 0;
			defaultConfigurationName = Debug;
		};
		20D71C4144284430B2752FC1 /* Build configuration list for PBXNativeTarget "sort_test" */ = {
			isa = XCConfigurationList;
			buildConfigurations = (
				70E7FF0E0D05466AA965FADD /* Debug */,
				B6184564533C40599532EC92 /* Release */,
				C26824C242014F688F984EBE /* MinSizeRel */,
				5240A28B05B74ED6B582E06F /* RelWithDebInfo */,
			);
			defaultConfigurationIsVisible = 0;
			defaultConfigurationName = Debug;
		};
		21DA0324B0EF456183972811 /* Build configuration list for PBXNativeTarget "alpaca_sort_test" */ = {
			isa = XCConfigurationList;
			buildConfigurations = (
				26F324ED761E4557A8AF18A6 /* Debug */,
				57B63302093E452D977A8464 /* Release */,
				EAF631C8276642F389500DD0 /* MinSizeRel */,
				E87983C5247E4975A6B656C7 /* RelWithDebInfo */,
			);
			defaultConfigurationIsVisible = 0;
			defaultConfigurationName = Debug;
		};
		2C8A67FD7B4741A291A388D4 /* Build configuration list for PBXNativeTarget "kmeans" */ = {
			isa = XCConfigurationList;
			buildConfigurations = (
				B121D75E48D8471CA28A7C15 /* Debug */,
				70D8FAA7940C45C18151226C /* Release */,
				805232E4D91A44D584CC87D7 /* MinSizeRel */,
				7C18F2C8AFB344F7B42C9728 /* RelWithDebInfo */,
			);
			defaultConfigurationIsVisible = 0;
			defaultConfigurationName = Debug;
		};
		6481C86AD8024856846BD7AE /* Build configuration list for PBXNativeTarget "llama" */ = {
			isa = XCConfigurationList;
			buildConfigurations = (
				6E7B22C0CA7D4C399684E82A /* Debug */,
				C6B0492EE3174B9BB4D1B252 /* Release */,
				D63D622EBEDD4A49BD7F8C54 /* MinSizeRel */,
				57C304DAFD3045A5A340F18B /* RelWithDebInfo */,
			);
			defaultConfigurationIsVisible = 0;
			defaultConfigurationName = Debug;
		};
		79ED7E9312BD408FB4BCD973 /* Build configuration list for PBXAggregateTarget "ALL_BUILD" */ = {
			isa = XCConfigurationList;
			buildConfigurations = (
				BC0325E4C1D84FCAA1521424 /* Debug */,
				46D5911228C941C0939D88B1 /* Release */,
				9EB7BB0E10B44C789B7BC518 /* MinSizeRel */,
				8108D775E85C4585B3A468FB /* RelWithDebInfo */,
			);
			defaultConfigurationIsVisible = 0;
			defaultConfigurationName = Debug;
		};
		7D2C24FFD6E444B88972839A /* Build configuration list for PBXProject "llama_cpp" */ = {
			isa = XCConfigurationList;
			buildConfigurations = (
				C48E769573734B4A897F8413 /* Debug */,
				0FE7589D33CB4E4F9E325FAE /* Release */,
				F119222D57AD4411B5C4F0C7 /* MinSizeRel */,
				1F463CF651B446A9B0A89699 /* RelWithDebInfo */,
			);
			defaultConfigurationIsVisible = 0;
			defaultConfigurationName = Debug;
		};
		7EC8941A615748AAA7E0D0BF /* Build configuration list for PBXNativeTarget "test_build" */ = {
			isa = XCConfigurationList;
			buildConfigurations = (
				072A22BEC8F5466295B80218 /* Debug */,
				0A6C9EF8BD2649ED883FF53E /* Release */,
				26526045A9C24A98BFB6A658 /* MinSizeRel */,
				F0FB6627A2A34DD69C1CC750 /* RelWithDebInfo */,
			);
			defaultConfigurationIsVisible = 0;
			defaultConfigurationName = Debug;
		};
		83F94C355D264FAF81EEC948 /* Build configuration list for PBXAggregateTarget "ZERO_CHECK" */ = {
			isa = XCConfigurationList;
			buildConfigurations = (
				CEFBFFF107E44E7184E41B1D /* Debug */,
				7C4D05197A304D9CAAD7240A /* Release */,
				7E98B5C823D4470D99AEB3A7 /* MinSizeRel */,
				2A1EB4A57EED49C0A8922FAA /* RelWithDebInfo */,
			);
			defaultConfigurationIsVisible = 0;
			defaultConfigurationName = Debug;
		};
		89516DE0902E4F90B418FF87 /* Build configuration list for PBXNativeTarget "mersenne_twister" */ = {
			isa = XCConfigurationList;
			buildConfigurations = (
				A89F885906484A0AB167410E /* Debug */,
				59436FC211F64212B65CF5ED /* Release */,
				9761D1A9E90E419EBA95EFC6 /* MinSizeRel */,
				5F0AC49C62B84F86BEE8F4C4 /* RelWithDebInfo */,
			);
			defaultConfigurationIsVisible = 0;
			defaultConfigurationName = Debug;
		};
		BB800DC7E59046258A4F827D /* Build configuration list for PBXNativeTarget "spam_classification" */ = {
			isa = XCConfigurationList;
			buildConfigurations = (
				60F0B607D1FF4489BCFDC998 /* Debug */,
				9D9EF8B12064406792DA930E /* Release */,
				0203A35F33B345E0A6CE30ED /* MinSizeRel */,
				6FBFAF2E4AE64757B4D8AA18 /* RelWithDebInfo */,
			);
			defaultConfigurationIsVisible = 0;
			defaultConfigurationName = Debug;
		};
		C3539FB164404E929CDAE3AE /* Build configuration list for PBXAggregateTarget "RUN_TESTS" */ = {
			isa = XCConfigurationList;
			buildConfigurations = (
				A612B54A59C14AB8A9BFD72F /* Debug */,
				4469E64D03874779B452580E /* Release */,
				58F408F62F8D43E5B7EF7E81 /* MinSizeRel */,
				06CBBB892EEC40D5A4595D7A /* RelWithDebInfo */,
			);
			defaultConfigurationIsVisible = 0;
			defaultConfigurationName = Debug;
		};
		FE17BA7459794C5E9102412D /* Build configuration list for PBXNativeTarget "sort_benchmark" */ = {
			isa = XCConfigurationList;
			buildConfigurations = (
				E9E1352D921146D3BAFCCB3B /* Debug */,
				A7AC742233EE4D3AA214FEDB /* Release */,
				814772FB12B844228A7A44C7 /* MinSizeRel */,
				A63137A299F842C2B91C0156 /* RelWithDebInfo */,
			);
			defaultConfigurationIsVisible = 0;
			defaultConfigurationName = Debug;
		};
/* End XCConfigurationList section */
	};
	rootObject = 1B8B8D9E8A8F44D39418EDBB /* Project object */;
}
