// !$*UTF8*$!
{
	archiveVersion = 1;
	classes = {
	};
	objectVersion = 46;
	objects = {

/* Begin PBXAggregateTarget section */
		87246FBF46544E21A85F1321 /* ALL_BUILD */ = {
			isa = PBXAggregateTarget;
			buildConfigurationList = 0DBF0DD180D34D76B102E123 /* Build configuration list for PBXAggregateTarget "ALL_BUILD" */;
			buildPhases = (
				96ECA0D3DD5B4F77B97F0F7D /* CMake Rules */,
			);
			dependencies = (
				15B34ADE1DDC49CCAE06CD41 /* PBXTargetDependency */,
				69DADFDEEE4F462CB826CB42 /* PBXTargetDependency */,
			);
			name = ALL_BUILD;
			productName = ALL_BUILD;
		};
		BE050CBFB01E41E192A3B4DD /* ZERO_CHECK */ = {
			isa = PBXAggregateTarget;
			buildConfigurationList = 4B087591F9A84B44A575ECDB /* Build configuration list for PBXAggregateTarget "ZERO_CHECK" */;
			buildPhases = (
				DE39081A53754023BF47CB4A /* CMake Rules */,
			);
			dependencies = (
			);
			name = ZERO_CHECK;
			productName = ZERO_CHECK;
		};
		C28ABDA643764C86AEFA2B5F /* RUN_TESTS */ = {
			isa = PBXAggregateTarget;
			buildConfigurationList = BB38B1619CCB4F3F802EC4D4 /* Build configuration list for PBXAggregateTarget "RUN_TESTS" */;
			buildPhases = (
				5C59E155DF3B41269C2CAA67 /* CMake PostBuild Rules */,
			);
			dependencies = (
			);
			name = RUN_TESTS;
			productName = RUN_TESTS;
		};
/* End PBXAggregateTarget section */

/* Begin PBXBuildFile section */
		05162059A49745B4A3B696FE /* /Users/BlueCocoa/Git/Project-Llama/llama_cpp/src/Cryptography/Cryptography.cpp */ = {isa = PBXBuildFile; fileRef = 8C3C569D21584416B28B763A /* /Users/BlueCocoa/Git/Project-Llama/llama_cpp/src/Cryptography/Cryptography.cpp */; settings = {COMPILER_FLAGS = ""; }; };
		0992E6CDEED349F485E3093F /* /Users/BlueCocoa/Git/Project-Llama/llama_cpp/src/RNG/MersenneTwister.cpp */ = {isa = PBXBuildFile; fileRef = 836888EBD58F48C9A6DB0332 /* /Users/BlueCocoa/Git/Project-Llama/llama_cpp/src/RNG/MersenneTwister.cpp */; settings = {COMPILER_FLAGS = ""; }; };
		0F236538AB444C59AB41B2D0 /* /Users/BlueCocoa/Git/Project-Llama/llama_cpp/src/Search/Search.h */ = {isa = PBXBuildFile; fileRef = DD7A6513B11C43BA83DC6BCA /* /Users/BlueCocoa/Git/Project-Llama/llama_cpp/src/Search/Search.h */; settings = {COMPILER_FLAGS = ""; }; };
		163DD5756EE4472D9D55D458 /* /Users/BlueCocoa/Git/Project-Llama/llama_cpp/src/ML/NaiveBayesClassifier.h */ = {isa = PBXBuildFile; fileRef = CFD81E0F734D446286EE8942 /* /Users/BlueCocoa/Git/Project-Llama/llama_cpp/src/ML/NaiveBayesClassifier.h */; settings = {COMPILER_FLAGS = ""; }; };
		44D95F7DF8214CB1A457C0FF /* /Users/BlueCocoa/Git/Project-Llama/llama_cpp/src/Sort/hpSort.h */ = {isa = PBXBuildFile; fileRef = 662058B55C2F49A6B1D9B55B /* /Users/BlueCocoa/Git/Project-Llama/llama_cpp/src/Sort/hpSort.h */; settings = {COMPILER_FLAGS = ""; }; };
		4ED9F6C7B72D4A6DA8F380AA /* /Users/BlueCocoa/Git/Project-Llama/llama_cpp/src/Search/IterativeSearch.h */ = {isa = PBXBuildFile; fileRef = 6A059ED520E84D2097CB05E5 /* /Users/BlueCocoa/Git/Project-Llama/llama_cpp/src/Search/IterativeSearch.h */; settings = {COMPILER_FLAGS = ""; }; };
		87D27EED40934060BE4D5BFF /* /Users/BlueCocoa/Git/Project-Llama/llama_cpp/src/Cryptography/Cryptography.h */ = {isa = PBXBuildFile; fileRef = 996BB4E8B2D045918754014A /* /Users/BlueCocoa/Git/Project-Llama/llama_cpp/src/Cryptography/Cryptography.h */; settings = {COMPILER_FLAGS = ""; }; };
		AE000A4AC2404FA4BD1FDCC4 /* /Users/BlueCocoa/Git/Project-Llama/llama_cpp/src/Sort/Sort.h */ = {isa = PBXBuildFile; fileRef = D094690F4E4E43058B78AE1C /* /Users/BlueCocoa/Git/Project-Llama/llama_cpp/src/Sort/Sort.h */; settings = {COMPILER_FLAGS = ""; }; };
		C16BE27493134E1B9DA0A6C8 /* /Users/BlueCocoa/Git/Project-Llama/llama_cpp/src/Sort/InsertionSort.h */ = {isa = PBXBuildFile; fileRef = 34DFCC86E78C48B780308148 /* /Users/BlueCocoa/Git/Project-Llama/llama_cpp/src/Sort/InsertionSort.h */; settings = {COMPILER_FLAGS = ""; }; };
		CA1C530CC9CD4B579821B202 /* /Users/BlueCocoa/Git/Project-Llama/llama_cpp/CMakeLists.txt */ = {isa = PBXBuildFile; fileRef = E3FF2403FC3B480989A536A9 /* /Users/BlueCocoa/Git/Project-Llama/llama_cpp/CMakeLists.txt */; settings = {COMPILER_FLAGS = ""; }; };
		CDC61ABF6CF34BE8ADF864EC /* /Users/BlueCocoa/Git/Project-Llama/llama_cpp/src/Sort/BruteForceSort.h */ = {isa = PBXBuildFile; fileRef = DF5AB214FD3141E5AF22C5C7 /* /Users/BlueCocoa/Git/Project-Llama/llama_cpp/src/Sort/BruteForceSort.h */; settings = {COMPILER_FLAGS = ""; }; };
		CDCEC495DB0D406C9EFCFA8E /* /Users/BlueCocoa/Git/Project-Llama/llama_cpp/src/ML/kmeans.h */ = {isa = PBXBuildFile; fileRef = 84EF05DE98264C7488BFC265 /* /Users/BlueCocoa/Git/Project-Llama/llama_cpp/src/ML/kmeans.h */; settings = {COMPILER_FLAGS = ""; }; };
		EF3EE56AB97942F0993AA784 /* /Users/BlueCocoa/Git/Project-Llama/llama_cpp/src/RNG/MersenneTwister.h */ = {isa = PBXBuildFile; fileRef = C88936FB179E4244B055F294 /* /Users/BlueCocoa/Git/Project-Llama/llama_cpp/src/RNG/MersenneTwister.h */; settings = {COMPILER_FLAGS = ""; }; };
		F15257C1544F4205A45E4047 /* /Users/BlueCocoa/Git/Project-Llama/llama_cpp/src/ML/NaiveBayesClassifier.cpp */ = {isa = PBXBuildFile; fileRef = 55B7F2A01D73471DBD364E69 /* /Users/BlueCocoa/Git/Project-Llama/llama_cpp/src/ML/NaiveBayesClassifier.cpp */; settings = {COMPILER_FLAGS = ""; }; };
		F8294C3CA2C442DD813EEFE7 /* /Users/BlueCocoa/Git/Project-Llama/llama_cpp/src/Utility/Functor.h */ = {isa = PBXBuildFile; fileRef = 15593DE82D5746CFAE0C267C /* /Users/BlueCocoa/Git/Project-Llama/llama_cpp/src/Utility/Functor.h */; settings = {COMPILER_FLAGS = ""; }; };
/* End PBXBuildFile section */

/* Begin PBXBuildStyle section */
		2DED3FD010174018A19E0690 /* RelWithDebInfo */ = {
			isa = PBXBuildStyle;
			buildSettings = {
				COPY_PHASE_STRIP = NO;
			};
			name = RelWithDebInfo;
		};
		55BCDFDA57FC471CB1EB20BF /* Release */ = {
			isa = PBXBuildStyle;
			buildSettings = {
				COPY_PHASE_STRIP = NO;
			};
			name = Release;
		};
		5C39ED2F1304422B82D137C6 /* MinSizeRel */ = {
			isa = PBXBuildStyle;
			buildSettings = {
				COPY_PHASE_STRIP = NO;
			};
			name = MinSizeRel;
		};
		77E3F1A5B77D407499C68056 /* Debug */ = {
			isa = PBXBuildStyle;
			buildSettings = {
				COPY_PHASE_STRIP = NO;
			};
			name = Debug;
		};
		C01C2D8FB56046849477D618 = {
			isa = PBXBuildStyle;
		};
/* End PBXBuildStyle section */

/* Begin PBXContainerItemProxy section */
		50D5B54B883E4528B29AF977 /* PBXContainerItemProxy */ = {
			isa = PBXContainerItemProxy;
			containerPortal = 421DBE08D45F43BBBCB25CE4 /* Project object */;
			proxyType = 1;
			remoteGlobalIDString = BE050CBFB01E41E192A3B4DD;
			remoteInfo = ZERO_CHECK;
		};
		B185B598A9884E21B5F04A7E /* PBXContainerItemProxy */ = {
			isa = PBXContainerItemProxy;
			containerPortal = 421DBE08D45F43BBBCB25CE4 /* Project object */;
			proxyType = 1;
			remoteGlobalIDString = BE050CBFB01E41E192A3B4DD;
			remoteInfo = ZERO_CHECK;
		};
		F2A0EAD3684645E483254F95 /* PBXContainerItemProxy */ = {
			isa = PBXContainerItemProxy;
			containerPortal = 421DBE08D45F43BBBCB25CE4 /* Project object */;
			proxyType = 1;
			remoteGlobalIDString = 5A2B6DD34C4B43DEA65BBC42;
			remoteInfo = llama;
		};
/* End PBXContainerItemProxy section */

/* Begin PBXFileReference section */
		15593DE82D5746CFAE0C267C /* /Users/BlueCocoa/Git/Project-Llama/llama_cpp/src/Utility/Functor.h */ = {isa = PBXFileReference; explicitFileType = sourcecode.c.h; fileEncoding = 4; name = Functor.h; path = src/Utility/Functor.h; sourceTree = SOURCE_ROOT; };
		34DFCC86E78C48B780308148 /* /Users/BlueCocoa/Git/Project-Llama/llama_cpp/src/Sort/InsertionSort.h */ = {isa = PBXFileReference; explicitFileType = sourcecode.c.h; fileEncoding = 4; name = InsertionSort.h; path = src/Sort/InsertionSort.h; sourceTree = SOURCE_ROOT; };
		55B7F2A01D73471DBD364E69 /* /Users/BlueCocoa/Git/Project-Llama/llama_cpp/src/ML/NaiveBayesClassifier.cpp */ = {isa = PBXFileReference; explicitFileType = sourcecode.cpp.cpp; fileEncoding = 4; name = NaiveBayesClassifier.cpp; path = src/ML/NaiveBayesClassifier.cpp; sourceTree = SOURCE_ROOT; };
		662058B55C2F49A6B1D9B55B /* /Users/BlueCocoa/Git/Project-Llama/llama_cpp/src/Sort/hpSort.h */ = {isa = PBXFileReference; explicitFileType = sourcecode.c.h; fileEncoding = 4; name = hpSort.h; path = src/Sort/hpSort.h; sourceTree = SOURCE_ROOT; };
		6A059ED520E84D2097CB05E5 /* /Users/BlueCocoa/Git/Project-Llama/llama_cpp/src/Search/IterativeSearch.h */ = {isa = PBXFileReference; explicitFileType = sourcecode.c.h; fileEncoding = 4; name = IterativeSearch.h; path = src/Search/IterativeSearch.h; sourceTree = SOURCE_ROOT; };
		7E2E1116D0F841C38CC55EC3 /* llama */ = {isa = PBXFileReference; explicitFileType = archive.ar; path = libllama.a; refType = 0; sourceTree = BUILT_PRODUCTS_DIR; };
		836888EBD58F48C9A6DB0332 /* /Users/BlueCocoa/Git/Project-Llama/llama_cpp/src/RNG/MersenneTwister.cpp */ = {isa = PBXFileReference; explicitFileType = sourcecode.cpp.cpp; fileEncoding = 4; name = MersenneTwister.cpp; path = src/RNG/MersenneTwister.cpp; sourceTree = SOURCE_ROOT; };
		84EF05DE98264C7488BFC265 /* /Users/BlueCocoa/Git/Project-Llama/llama_cpp/src/ML/kmeans.h */ = {isa = PBXFileReference; explicitFileType = sourcecode.c.h; fileEncoding = 4; name = kmeans.h; path = src/ML/kmeans.h; sourceTree = SOURCE_ROOT; };
		8C3C569D21584416B28B763A /* /Users/BlueCocoa/Git/Project-Llama/llama_cpp/src/Cryptography/Cryptography.cpp */ = {isa = PBXFileReference; explicitFileType = sourcecode.cpp.cpp; fileEncoding = 4; name = Cryptography.cpp; path = src/Cryptography/Cryptography.cpp; sourceTree = SOURCE_ROOT; };
		996BB4E8B2D045918754014A /* /Users/BlueCocoa/Git/Project-Llama/llama_cpp/src/Cryptography/Cryptography.h */ = {isa = PBXFileReference; explicitFileType = sourcecode.c.h; fileEncoding = 4; name = Cryptography.h; path = src/Cryptography/Cryptography.h; sourceTree = SOURCE_ROOT; };
		A831E619412E4462B2421A82 /* /Users/BlueCocoa/Git/Project-Llama/llama_cpp/CMakeLists.txt */ = {isa = PBXFileReference; explicitFileType = sourcecode.text; fileEncoding = 4; name = CMakeLists.txt; path = CMakeLists.txt; sourceTree = SOURCE_ROOT; };
		C88936FB179E4244B055F294 /* /Users/BlueCocoa/Git/Project-Llama/llama_cpp/src/RNG/MersenneTwister.h */ = {isa = PBXFileReference; explicitFileType = sourcecode.c.h; fileEncoding = 4; name = MersenneTwister.h; path = src/RNG/MersenneTwister.h; sourceTree = SOURCE_ROOT; };
		CFD81E0F734D446286EE8942 /* /Users/BlueCocoa/Git/Project-Llama/llama_cpp/src/ML/NaiveBayesClassifier.h */ = {isa = PBXFileReference; explicitFileType = sourcecode.c.h; fileEncoding = 4; name = NaiveBayesClassifier.h; path = src/ML/NaiveBayesClassifier.h; sourceTree = SOURCE_ROOT; };
		D094690F4E4E43058B78AE1C /* /Users/BlueCocoa/Git/Project-Llama/llama_cpp/src/Sort/Sort.h */ = {isa = PBXFileReference; explicitFileType = sourcecode.c.h; fileEncoding = 4; name = Sort.h; path = src/Sort/Sort.h; sourceTree = SOURCE_ROOT; };
		D9B0F60453574518B44B50AA /* /Users/BlueCocoa/Git/Project-Llama/llama_cpp/CMakeLists.txt */ = {isa = PBXFileReference; explicitFileType = sourcecode.text; fileEncoding = 4; name = CMakeLists.txt; path = CMakeLists.txt; sourceTree = SOURCE_ROOT; };
		DD7A6513B11C43BA83DC6BCA /* /Users/BlueCocoa/Git/Project-Llama/llama_cpp/src/Search/Search.h */ = {isa = PBXFileReference; explicitFileType = sourcecode.c.h; fileEncoding = 4; name = Search.h; path = src/Search/Search.h; sourceTree = SOURCE_ROOT; };
		DF5AB214FD3141E5AF22C5C7 /* /Users/BlueCocoa/Git/Project-Llama/llama_cpp/src/Sort/BruteForceSort.h */ = {isa = PBXFileReference; explicitFileType = sourcecode.c.h; fileEncoding = 4; name = BruteForceSort.h; path = src/Sort/BruteForceSort.h; sourceTree = SOURCE_ROOT; };
		E3FF2403FC3B480989A536A9 /* /Users/BlueCocoa/Git/Project-Llama/llama_cpp/CMakeLists.txt */ = {isa = PBXFileReference; explicitFileType = sourcecode.text; fileEncoding = 4; name = CMakeLists.txt; path = CMakeLists.txt; sourceTree = SOURCE_ROOT; };
/* End PBXFileReference section */

/* Begin PBXGroup section */
		11AB80071B544DD58051233B /* ZERO_CHECK */ = {
			isa = PBXGroup;
			children = (
				DB4CD107C8A94FAA85AF6FAA /* CMake Rules */,
				D9B0F60453574518B44B50AA /* /Users/BlueCocoa/Git/Project-Llama/llama_cpp/CMakeLists.txt */,
			);
			name = ZERO_CHECK;
			sourceTree = "<group>";
		};
		154579EFB38441FEA8ED7ADF /* llama */ = {
			isa = PBXGroup;
			children = (
				D53CA640447641C48E0F21E4 /* Source Files */,
				A886E99364584CFCA1FDEE14 /* Headers */,
				E3FF2403FC3B480989A536A9 /* /Users/BlueCocoa/Git/Project-Llama/llama_cpp/CMakeLists.txt */,
			);
			name = llama;
			sourceTree = "<group>";
		};
		55E2BE0452D347429A339D13 /* CMake Rules */ = {
			isa = PBXGroup;
			children = (
			);
			name = "CMake Rules";
			sourceTree = "<group>";
		};
		87E68F6FEE314B79850097A0 /* Products */ = {
			isa = PBXGroup;
			children = (
				7E2E1116D0F841C38CC55EC3 /* llama */,
			);
			name = Products;
			sourceTree = "<group>";
		};
		9132B3A60766454D8477B445 /* ALL_BUILD */ = {
			isa = PBXGroup;
			children = (
				55E2BE0452D347429A339D13 /* CMake Rules */,
				A831E619412E4462B2421A82 /* /Users/BlueCocoa/Git/Project-Llama/llama_cpp/CMakeLists.txt */,
			);
			name = ALL_BUILD;
			sourceTree = "<group>";
		};
		9C264A065D9C40FC8B6D0F2E /* Sources */ = {
			isa = PBXGroup;
			children = (
				11AB80071B544DD58051233B /* ZERO_CHECK */,
				9132B3A60766454D8477B445 /* ALL_BUILD */,
				154579EFB38441FEA8ED7ADF /* llama */,
			);
			name = Sources;
			sourceTree = "<group>";
		};
		A42BBEA2B83E4C5EA0D74EF6 = {
			isa = PBXGroup;
			children = (
				9C264A065D9C40FC8B6D0F2E /* Sources */,
				A96D5DF5D89B452A870D8048 /* Resources */,
				87E68F6FEE314B79850097A0 /* Products */,
			);
			sourceTree = "<group>";
		};
		A886E99364584CFCA1FDEE14 /* Headers */ = {
			isa = PBXGroup;
			children = (
				996BB4E8B2D045918754014A /* /Users/BlueCocoa/Git/Project-Llama/llama_cpp/src/Cryptography/Cryptography.h */,
				CFD81E0F734D446286EE8942 /* /Users/BlueCocoa/Git/Project-Llama/llama_cpp/src/ML/NaiveBayesClassifier.h */,
				84EF05DE98264C7488BFC265 /* /Users/BlueCocoa/Git/Project-Llama/llama_cpp/src/ML/kmeans.h */,
				C88936FB179E4244B055F294 /* /Users/BlueCocoa/Git/Project-Llama/llama_cpp/src/RNG/MersenneTwister.h */,
				6A059ED520E84D2097CB05E5 /* /Users/BlueCocoa/Git/Project-Llama/llama_cpp/src/Search/IterativeSearch.h */,
				DD7A6513B11C43BA83DC6BCA /* /Users/BlueCocoa/Git/Project-Llama/llama_cpp/src/Search/Search.h */,
				DF5AB214FD3141E5AF22C5C7 /* /Users/BlueCocoa/Git/Project-Llama/llama_cpp/src/Sort/BruteForceSort.h */,
				34DFCC86E78C48B780308148 /* /Users/BlueCocoa/Git/Project-Llama/llama_cpp/src/Sort/InsertionSort.h */,
				D094690F4E4E43058B78AE1C /* /Users/BlueCocoa/Git/Project-Llama/llama_cpp/src/Sort/Sort.h */,
				662058B55C2F49A6B1D9B55B /* /Users/BlueCocoa/Git/Project-Llama/llama_cpp/src/Sort/hpSort.h */,
				15593DE82D5746CFAE0C267C /* /Users/BlueCocoa/Git/Project-Llama/llama_cpp/src/Utility/Functor.h */,
			);
			name = Headers;
			sourceTree = "<group>";
		};
		A96D5DF5D89B452A870D8048 /* Resources */ = {
			isa = PBXGroup;
			children = (
			);
			name = Resources;
			sourceTree = "<group>";
		};
		D53CA640447641C48E0F21E4 /* Source Files */ = {
			isa = PBXGroup;
			children = (
				8C3C569D21584416B28B763A /* /Users/BlueCocoa/Git/Project-Llama/llama_cpp/src/Cryptography/Cryptography.cpp */,
				55B7F2A01D73471DBD364E69 /* /Users/BlueCocoa/Git/Project-Llama/llama_cpp/src/ML/NaiveBayesClassifier.cpp */,
				836888EBD58F48C9A6DB0332 /* /Users/BlueCocoa/Git/Project-Llama/llama_cpp/src/RNG/MersenneTwister.cpp */,
			);
			name = "Source Files";
			sourceTree = "<group>";
		};
		DB4CD107C8A94FAA85AF6FAA /* CMake Rules */ = {
			isa = PBXGroup;
			children = (
			);
			name = "CMake Rules";
			sourceTree = "<group>";
		};
/* End PBXGroup section */

/* Begin PBXNativeTarget section */
		5A2B6DD34C4B43DEA65BBC42 /* llama */ = {
			isa = PBXNativeTarget;
			buildConfigurationList = B230B36DAAD94037AECB382B /* Build configuration list for PBXNativeTarget "llama" */;
			buildPhases = (
				B1B709AB64254DB7B22B063F /* Sources */,
			);
			buildRules = (
			);
			dependencies = (
				6024F9D511774FDD871CB2E1 /* PBXTargetDependency */,
			);
			name = llama;
			productName = llama;
			productReference = 7E2E1116D0F841C38CC55EC3 /* llama */;
			productType = "com.apple.product-type.library.static";
		};
/* End PBXNativeTarget section */

/* Begin PBXProject section */
		421DBE08D45F43BBBCB25CE4 /* Project object */ = {
			isa = PBXProject;
			attributes = {
				BuildIndependentTargetsInParallel = YES;
			};
			buildConfigurationList = EF82D30473194B26A0FCFE85 /* Build configuration list for PBXProject "llama_cpp" */;
			buildSettings = {
			};
			buildStyles = (
				77E3F1A5B77D407499C68056 /* Debug */,
				55BCDFDA57FC471CB1EB20BF /* Release */,
				5C39ED2F1304422B82D137C6 /* MinSizeRel */,
				2DED3FD010174018A19E0690 /* RelWithDebInfo */,
			);
			compatibilityVersion = "Xcode 3.2";
			hasScannedForEncodings = 0;
			mainGroup = A42BBEA2B83E4C5EA0D74EF6;
			projectDirPath = .;
			projectRoot = "";
			targets = (
				87246FBF46544E21A85F1321 /* ALL_BUILD */,
				C28ABDA643764C86AEFA2B5F /* RUN_TESTS */,
				BE050CBFB01E41E192A3B4DD /* ZERO_CHECK */,
				5A2B6DD34C4B43DEA65BBC42 /* llama */,
			);
		};
/* End PBXProject section */

/* Begin PBXShellScriptBuildPhase section */
		5C59E155DF3B41269C2CAA67 /* CMake PostBuild Rules */ = {
			isa = PBXShellScriptBuildPhase;
			buildActionMask = 2147483647;
			files = (
			);
			name = "CMake PostBuild Rules";
			runOnlyForDeploymentPostprocessing = 0;
			shellPath = /bin/sh;
			shellScript = "make -C /Users/BlueCocoa/Git/Project-Llama/llama_cpp -f /Users/BlueCocoa/Git/Project-Llama/llama_cpp/CMakeScripts/RUN_TESTS_postBuildPhase.make$CONFIGURATION all";
			showEnvVarsInLog = 0;
		};
		920525658BBF479EA1835AFD = {
			isa = PBXShellScriptBuildPhase;
			buildActionMask = 2147483647;
			files = (
			);
			inputPaths = (
			);
			outputPaths = (
			);
			runOnlyForDeploymentPostprocessing = 0;
			shellPath = /bin/sh;
			shellScript = "# shell script goes here
exit 0";
			showEnvVarsInLog = 0;
		};
		96ECA0D3DD5B4F77B97F0F7D /* CMake Rules */ = {
			isa = PBXShellScriptBuildPhase;
			buildActionMask = 2147483647;
			files = (
			);
			name = "CMake Rules";
			runOnlyForDeploymentPostprocessing = 0;
			shellPath = /bin/sh;
			shellScript = "make -C /Users/BlueCocoa/Git/Project-Llama/llama_cpp -f /Users/BlueCocoa/Git/Project-Llama/llama_cpp/CMakeScripts/ALL_BUILD_cmakeRulesBuildPhase.make$CONFIGURATION all";
			showEnvVarsInLog = 0;
		};
		992707B82EBC45B49CC69F05 = {
			isa = PBXShellScriptBuildPhase;
			buildActionMask = 2147483647;
			files = (
			);
			inputPaths = (
			);
			outputPaths = (
			);
			runOnlyForDeploymentPostprocessing = 0;
			shellPath = /bin/sh;
			shellScript = "# shell script goes here
exit 0";
			showEnvVarsInLog = 0;
		};
		B7CB293EBEA84EFEA4DD772F = {
			isa = PBXShellScriptBuildPhase;
			buildActionMask = 2147483647;
			files = (
			);
			inputPaths = (
			);
			outputPaths = (
			);
			runOnlyForDeploymentPostprocessing = 0;
			shellPath = /bin/sh;
			shellScript = "# shell script goes here
exit 0";
			showEnvVarsInLog = 0;
		};
		DE39081A53754023BF47CB4A /* CMake Rules */ = {
			isa = PBXShellScriptBuildPhase;
			buildActionMask = 2147483647;
			files = (
			);
			name = "CMake Rules";
			runOnlyForDeploymentPostprocessing = 0;
			shellPath = /bin/sh;
			shellScript = "make -C /Users/BlueCocoa/Git/Project-Llama/llama_cpp -f /Users/BlueCocoa/Git/Project-Llama/llama_cpp/CMakeScripts/ZERO_CHECK_cmakeRulesBuildPhase.make$CONFIGURATION all";
			showEnvVarsInLog = 0;
		};
/* End PBXShellScriptBuildPhase section */

/* Begin PBXSourcesBuildPhase section */
		B1B709AB64254DB7B22B063F /* Sources */ = {
			isa = PBXSourcesBuildPhase;
			buildActionMask = 2147483647;
			files = (
				05162059A49745B4A3B696FE /* /Users/BlueCocoa/Git/Project-Llama/llama_cpp/src/Cryptography/Cryptography.cpp */,
				F15257C1544F4205A45E4047 /* /Users/BlueCocoa/Git/Project-Llama/llama_cpp/src/ML/NaiveBayesClassifier.cpp */,
				0992E6CDEED349F485E3093F /* /Users/BlueCocoa/Git/Project-Llama/llama_cpp/src/RNG/MersenneTwister.cpp */,
			);
			runOnlyForDeploymentPostprocessing = 0;
		};
/* End PBXSourcesBuildPhase section */

/* Begin PBXTargetDependency section */
		15B34ADE1DDC49CCAE06CD41 /* PBXTargetDependency */ = {
			isa = PBXTargetDependency;
			target = 5A2B6DD34C4B43DEA65BBC42 /* llama */;
			targetProxy = F2A0EAD3684645E483254F95 /* PBXContainerItemProxy */;
		};
		6024F9D511774FDD871CB2E1 /* PBXTargetDependency */ = {
			isa = PBXTargetDependency;
			target = BE050CBFB01E41E192A3B4DD /* ZERO_CHECK */;
			targetProxy = 50D5B54B883E4528B29AF977 /* PBXContainerItemProxy */;
		};
		69DADFDEEE4F462CB826CB42 /* PBXTargetDependency */ = {
			isa = PBXTargetDependency;
			target = BE050CBFB01E41E192A3B4DD /* ZERO_CHECK */;
			targetProxy = B185B598A9884E21B5F04A7E /* PBXContainerItemProxy */;
		};
/* End PBXTargetDependency section */

/* Begin XCBuildConfiguration section */
		03DD5010A5064CF99D096016 /* MinSizeRel */ = {
			isa = XCBuildConfiguration;
			buildSettings = {
				COMBINE_HIDPI_IMAGES = YES;
				GCC_GENERATE_DEBUGGING_SYMBOLS = YES;
				GCC_INLINES_ARE_PRIVATE_EXTERN = NO;
				GCC_OPTIMIZATION_LEVEL = 0;
				GCC_PREPROCESSOR_DEFINITIONS = ("'CMAKE_INTDIR=\"$(CONFIGURATION)$(EFFECTIVE_PLATFORM_NAME)\"'", );
				GCC_SYMBOLS_PRIVATE_EXTERN = NO;
				HEADER_SEARCH_PATHS = ("/Users/BlueCocoa/Git/Project-Llama/llama_cpp/../llama_cpp/src", "/Users/BlueCocoa/Git/Project-Llama/llama_cpp/../llama_cpp/benchmark/google_benchmark/include", /usr/local/ssl/include, );
				INSTALL_PATH = "";
				OTHER_LDFLAGS = " ";
				OTHER_REZFLAGS = "";
				PRODUCT_NAME = ZERO_CHECK;
				SECTORDER_FLAGS = "";
				SYMROOT = "/Users/BlueCocoa/Git/Project-Llama/llama_cpp";
				USE_HEADERMAP = NO;
				WARNING_CFLAGS = ("-Wmost", "-Wno-four-char-constants", "-Wno-unknown-pragmas", "$(inherited)", );
			};
			name = MinSizeRel;
		};
		14502176AF3F49CDA15D8D88 /* Debug */ = {
			isa = XCBuildConfiguration;
			buildSettings = {
				ONLY_ACTIVE_ARCH = YES;
				SDKROOT = "/Applications/Xcode-beta.app/Contents/Developer/Platforms/MacOSX.platform/Developer/SDKs/MacOSX10.12.sdk";
				SYMROOT = "/Users/BlueCocoa/Git/Project-Llama/llama_cpp/build";
			};
			name = Debug;
		};
		4FA63394743D4BAB8A6E07BF /* MinSizeRel */ = {
			isa = XCBuildConfiguration;
			buildSettings = {
				COMBINE_HIDPI_IMAGES = YES;
				EXECUTABLE_PREFIX = lib;
				EXECUTABLE_SUFFIX = .a;
				GCC_GENERATE_DEBUGGING_SYMBOLS = NO;
				GCC_INLINES_ARE_PRIVATE_EXTERN = NO;
				GCC_OPTIMIZATION_LEVEL = s;
				GCC_PREPROCESSOR_DEFINITIONS = ("'CMAKE_INTDIR=\"$(CONFIGURATION)$(EFFECTIVE_PLATFORM_NAME)\"'", );
				GCC_SYMBOLS_PRIVATE_EXTERN = NO;
				HEADER_SEARCH_PATHS = ("/Users/BlueCocoa/Git/Project-Llama/llama_cpp/../llama_cpp/src", "/Users/BlueCocoa/Git/Project-Llama/llama_cpp/../llama_cpp/benchmark/google_benchmark/include", /usr/local/ssl/include, );
				INSTALL_PATH = "";
				LIBRARY_STYLE = STATIC;
				OTHER_CPLUSPLUSFLAGS = " -std=c++1z     -DNDEBUG  ";
				OTHER_LIBTOOLFLAGS = " ";
				OTHER_REZFLAGS = "";
				PRODUCT_NAME = llama;
				SECTORDER_FLAGS = "";
				SYMROOT = "/Users/BlueCocoa/Git/Project-Llama/llama_cpp";
				USE_HEADERMAP = NO;
				WARNING_CFLAGS = ("-Wmost", "-Wno-four-char-constants", "-Wno-unknown-pragmas", "$(inherited)", );
			};
			name = MinSizeRel;
		};
		57A4B92CCB314BD69F50FBC3 /* RelWithDebInfo */ = {
			isa = XCBuildConfiguration;
			buildSettings = {
				ONLY_ACTIVE_ARCH = YES;
				SDKROOT = "/Applications/Xcode-beta.app/Contents/Developer/Platforms/MacOSX.platform/Developer/SDKs/MacOSX10.12.sdk";
				SYMROOT = "/Users/BlueCocoa/Git/Project-Llama/llama_cpp/build";
			};
			name = RelWithDebInfo;
		};
		5CFF30AB00CC4BBDB7C63BA2 /* Release */ = {
			isa = XCBuildConfiguration;
			buildSettings = {
				COMBINE_HIDPI_IMAGES = YES;
				GCC_GENERATE_DEBUGGING_SYMBOLS = YES;
				GCC_INLINES_ARE_PRIVATE_EXTERN = NO;
				GCC_OPTIMIZATION_LEVEL = 0;
				GCC_PREPROCESSOR_DEFINITIONS = ("'CMAKE_INTDIR=\"$(CONFIGURATION)$(EFFECTIVE_PLATFORM_NAME)\"'", );
				GCC_SYMBOLS_PRIVATE_EXTERN = NO;
				HEADER_SEARCH_PATHS = ("/Users/BlueCocoa/Git/Project-Llama/llama_cpp/../llama_cpp/src", "/Users/BlueCocoa/Git/Project-Llama/llama_cpp/../llama_cpp/benchmark/google_benchmark/include", /usr/local/ssl/include, );
				INSTALL_PATH = "";
				OTHER_LDFLAGS = " ";
				OTHER_REZFLAGS = "";
				PRODUCT_NAME = ALL_BUILD;
				SECTORDER_FLAGS = "";
				SYMROOT = "/Users/BlueCocoa/Git/Project-Llama/llama_cpp";
				USE_HEADERMAP = NO;
				WARNING_CFLAGS = ("-Wmost", "-Wno-four-char-constants", "-Wno-unknown-pragmas", "$(inherited)", );
			};
			name = Release;
		};
		78986068E07F4DCD9A80C6BB /* Release */ = {
			isa = XCBuildConfiguration;
			buildSettings = {
				COMBINE_HIDPI_IMAGES = YES;
				GCC_GENERATE_DEBUGGING_SYMBOLS = YES;
				GCC_INLINES_ARE_PRIVATE_EXTERN = NO;
				GCC_OPTIMIZATION_LEVEL = 0;
				GCC_PREPROCESSOR_DEFINITIONS = ("'CMAKE_INTDIR=\"$(CONFIGURATION)$(EFFECTIVE_PLATFORM_NAME)\"'", );
				GCC_SYMBOLS_PRIVATE_EXTERN = NO;
				HEADER_SEARCH_PATHS = ("/Users/BlueCocoa/Git/Project-Llama/llama_cpp/../llama_cpp/src", "/Users/BlueCocoa/Git/Project-Llama/llama_cpp/../llama_cpp/benchmark/google_benchmark/include", /usr/local/ssl/include, );
				INSTALL_PATH = "";
				OTHER_LDFLAGS = " ";
				OTHER_REZFLAGS = "";
				PRODUCT_NAME = RUN_TESTS;
				SECTORDER_FLAGS = "";
				SYMROOT = "/Users/BlueCocoa/Git/Project-Llama/llama_cpp";
				USE_HEADERMAP = NO;
				WARNING_CFLAGS = ("-Wmost", "-Wno-four-char-constants", "-Wno-unknown-pragmas", "$(inherited)", );
			};
			name = Release;
		};
		82132A1018DF4BC49C497F62 /* MinSizeRel */ = {
			isa = XCBuildConfiguration;
			buildSettings = {
				COMBINE_HIDPI_IMAGES = YES;
				GCC_GENERATE_DEBUGGING_SYMBOLS = YES;
				GCC_INLINES_ARE_PRIVATE_EXTERN = NO;
				GCC_OPTIMIZATION_LEVEL = 0;
				GCC_PREPROCESSOR_DEFINITIONS = ("'CMAKE_INTDIR=\"$(CONFIGURATION)$(EFFECTIVE_PLATFORM_NAME)\"'", );
				GCC_SYMBOLS_PRIVATE_EXTERN = NO;
				HEADER_SEARCH_PATHS = ("/Users/BlueCocoa/Git/Project-Llama/llama_cpp/../llama_cpp/src", "/Users/BlueCocoa/Git/Project-Llama/llama_cpp/../llama_cpp/benchmark/google_benchmark/include", /usr/local/ssl/include, );
				INSTALL_PATH = "";
				OTHER_LDFLAGS = " ";
				OTHER_REZFLAGS = "";
				PRODUCT_NAME = ALL_BUILD;
				SECTORDER_FLAGS = "";
				SYMROOT = "/Users/BlueCocoa/Git/Project-Llama/llama_cpp";
				USE_HEADERMAP = NO;
				WARNING_CFLAGS = ("-Wmost", "-Wno-four-char-constants", "-Wno-unknown-pragmas", "$(inherited)", );
			};
			name = MinSizeRel;
		};
		8605F560C6844B1EA4BCB00E /* RelWithDebInfo */ = {
			isa = XCBuildConfiguration;
			buildSettings = {
				COMBINE_HIDPI_IMAGES = YES;
				GCC_GENERATE_DEBUGGING_SYMBOLS = YES;
				GCC_INLINES_ARE_PRIVATE_EXTERN = NO;
				GCC_OPTIMIZATION_LEVEL = 0;
				GCC_PREPROCESSOR_DEFINITIONS = ("'CMAKE_INTDIR=\"$(CONFIGURATION)$(EFFECTIVE_PLATFORM_NAME)\"'", );
				GCC_SYMBOLS_PRIVATE_EXTERN = NO;
				HEADER_SEARCH_PATHS = ("/Users/BlueCocoa/Git/Project-Llama/llama_cpp/../llama_cpp/src", "/Users/BlueCocoa/Git/Project-Llama/llama_cpp/../llama_cpp/benchmark/google_benchmark/include", /usr/local/ssl/include, );
				INSTALL_PATH = "";
				OTHER_LDFLAGS = " ";
				OTHER_REZFLAGS = "";
				PRODUCT_NAME = ZERO_CHECK;
				SECTORDER_FLAGS = "";
				SYMROOT = "/Users/BlueCocoa/Git/Project-Llama/llama_cpp";
				USE_HEADERMAP = NO;
				WARNING_CFLAGS = ("-Wmost", "-Wno-four-char-constants", "-Wno-unknown-pragmas", "$(inherited)", );
			};
			name = RelWithDebInfo;
		};
		924D7FDB89FA40809787D6A6 /* RelWithDebInfo */ = {
			isa = XCBuildConfiguration;
			buildSettings = {
				COMBINE_HIDPI_IMAGES = YES;
				EXECUTABLE_PREFIX = lib;
				EXECUTABLE_SUFFIX = .a;
				GCC_GENERATE_DEBUGGING_SYMBOLS = YES;
				GCC_INLINES_ARE_PRIVATE_EXTERN = NO;
				GCC_OPTIMIZATION_LEVEL = 2;
				GCC_PREPROCESSOR_DEFINITIONS = ("'CMAKE_INTDIR=\"$(CONFIGURATION)$(EFFECTIVE_PLATFORM_NAME)\"'", );
				GCC_SYMBOLS_PRIVATE_EXTERN = NO;
				HEADER_SEARCH_PATHS = ("/Users/BlueCocoa/Git/Project-Llama/llama_cpp/../llama_cpp/src", "/Users/BlueCocoa/Git/Project-Llama/llama_cpp/../llama_cpp/benchmark/google_benchmark/include", /usr/local/ssl/include, );
				INSTALL_PATH = "";
				LIBRARY_STYLE = STATIC;
				OTHER_CPLUSPLUSFLAGS = " -std=c++1z        -DNDEBUG  ";
				OTHER_LIBTOOLFLAGS = " ";
				OTHER_REZFLAGS = "";
				PRODUCT_NAME = llama;
				SECTORDER_FLAGS = "";
				SYMROOT = "/Users/BlueCocoa/Git/Project-Llama/llama_cpp";
				USE_HEADERMAP = NO;
				WARNING_CFLAGS = ("-Wmost", "-Wno-four-char-constants", "-Wno-unknown-pragmas", "$(inherited)", );
			};
			name = RelWithDebInfo;
		};
		971ECCB4FB8748CBADD64D4D /* Debug */ = {
			isa = XCBuildConfiguration;
			buildSettings = {
				COMBINE_HIDPI_IMAGES = YES;
				GCC_GENERATE_DEBUGGING_SYMBOLS = YES;
				GCC_INLINES_ARE_PRIVATE_EXTERN = NO;
				GCC_OPTIMIZATION_LEVEL = 0;
				GCC_PREPROCESSOR_DEFINITIONS = ("'CMAKE_INTDIR=\"$(CONFIGURATION)$(EFFECTIVE_PLATFORM_NAME)\"'", );
				GCC_SYMBOLS_PRIVATE_EXTERN = NO;
				HEADER_SEARCH_PATHS = ("/Users/BlueCocoa/Git/Project-Llama/llama_cpp/../llama_cpp/src", "/Users/BlueCocoa/Git/Project-Llama/llama_cpp/../llama_cpp/benchmark/google_benchmark/include", /usr/local/ssl/include, );
				INSTALL_PATH = "";
				OTHER_LDFLAGS = " ";
				OTHER_REZFLAGS = "";
				PRODUCT_NAME = ALL_BUILD;
				SECTORDER_FLAGS = "";
				SYMROOT = "/Users/BlueCocoa/Git/Project-Llama/llama_cpp";
				USE_HEADERMAP = NO;
				WARNING_CFLAGS = ("-Wmost", "-Wno-four-char-constants", "-Wno-unknown-pragmas", "$(inherited)", );
			};
			name = Debug;
		};
		AE95554DA21F4C6084E2B987 /* Debug */ = {
			isa = XCBuildConfiguration;
			buildSettings = {
				COMBINE_HIDPI_IMAGES = YES;
				GCC_GENERATE_DEBUGGING_SYMBOLS = YES;
				GCC_INLINES_ARE_PRIVATE_EXTERN = NO;
				GCC_OPTIMIZATION_LEVEL = 0;
				GCC_PREPROCESSOR_DEFINITIONS = ("'CMAKE_INTDIR=\"$(CONFIGURATION)$(EFFECTIVE_PLATFORM_NAME)\"'", );
				GCC_SYMBOLS_PRIVATE_EXTERN = NO;
				HEADER_SEARCH_PATHS = ("/Users/BlueCocoa/Git/Project-Llama/llama_cpp/../llama_cpp/src", "/Users/BlueCocoa/Git/Project-Llama/llama_cpp/../llama_cpp/benchmark/google_benchmark/include", /usr/local/ssl/include, );
				INSTALL_PATH = "";
				OTHER_LDFLAGS = " ";
				OTHER_REZFLAGS = "";
				PRODUCT_NAME = RUN_TESTS;
				SECTORDER_FLAGS = "";
				SYMROOT = "/Users/BlueCocoa/Git/Project-Llama/llama_cpp";
				USE_HEADERMAP = NO;
				WARNING_CFLAGS = ("-Wmost", "-Wno-four-char-constants", "-Wno-unknown-pragmas", "$(inherited)", );
			};
			name = Debug;
		};
		AF2154A22E4B43978B9A44B2 /* RelWithDebInfo */ = {
			isa = XCBuildConfiguration;
			buildSettings = {
				COMBINE_HIDPI_IMAGES = YES;
				GCC_GENERATE_DEBUGGING_SYMBOLS = YES;
				GCC_INLINES_ARE_PRIVATE_EXTERN = NO;
				GCC_OPTIMIZATION_LEVEL = 0;
				GCC_PREPROCESSOR_DEFINITIONS = ("'CMAKE_INTDIR=\"$(CONFIGURATION)$(EFFECTIVE_PLATFORM_NAME)\"'", );
				GCC_SYMBOLS_PRIVATE_EXTERN = NO;
				HEADER_SEARCH_PATHS = ("/Users/BlueCocoa/Git/Project-Llama/llama_cpp/../llama_cpp/src", "/Users/BlueCocoa/Git/Project-Llama/llama_cpp/../llama_cpp/benchmark/google_benchmark/include", /usr/local/ssl/include, );
				INSTALL_PATH = "";
				OTHER_LDFLAGS = " ";
				OTHER_REZFLAGS = "";
				PRODUCT_NAME = ALL_BUILD;
				SECTORDER_FLAGS = "";
				SYMROOT = "/Users/BlueCocoa/Git/Project-Llama/llama_cpp";
				USE_HEADERMAP = NO;
				WARNING_CFLAGS = ("-Wmost", "-Wno-four-char-constants", "-Wno-unknown-pragmas", "$(inherited)", );
			};
			name = RelWithDebInfo;
		};
		B08C175BEA7140E2878F97A7 /* MinSizeRel */ = {
			isa = XCBuildConfiguration;
			buildSettings = {
				COMBINE_HIDPI_IMAGES = YES;
				GCC_GENERATE_DEBUGGING_SYMBOLS = YES;
				GCC_INLINES_ARE_PRIVATE_EXTERN = NO;
				GCC_OPTIMIZATION_LEVEL = 0;
				GCC_PREPROCESSOR_DEFINITIONS = ("'CMAKE_INTDIR=\"$(CONFIGURATION)$(EFFECTIVE_PLATFORM_NAME)\"'", );
				GCC_SYMBOLS_PRIVATE_EXTERN = NO;
				HEADER_SEARCH_PATHS = ("/Users/BlueCocoa/Git/Project-Llama/llama_cpp/../llama_cpp/src", "/Users/BlueCocoa/Git/Project-Llama/llama_cpp/../llama_cpp/benchmark/google_benchmark/include", /usr/local/ssl/include, );
				INSTALL_PATH = "";
				OTHER_LDFLAGS = " ";
				OTHER_REZFLAGS = "";
				PRODUCT_NAME = RUN_TESTS;
				SECTORDER_FLAGS = "";
				SYMROOT = "/Users/BlueCocoa/Git/Project-Llama/llama_cpp";
				USE_HEADERMAP = NO;
				WARNING_CFLAGS = ("-Wmost", "-Wno-four-char-constants", "-Wno-unknown-pragmas", "$(inherited)", );
			};
			name = MinSizeRel;
		};
		B3E2B64375D540438FFE1F99 /* Debug */ = {
			isa = XCBuildConfiguration;
			buildSettings = {
				COMBINE_HIDPI_IMAGES = YES;
				EXECUTABLE_PREFIX = lib;
				EXECUTABLE_SUFFIX = .a;
				GCC_GENERATE_DEBUGGING_SYMBOLS = YES;
				GCC_INLINES_ARE_PRIVATE_EXTERN = NO;
				GCC_OPTIMIZATION_LEVEL = 0;
				GCC_PREPROCESSOR_DEFINITIONS = ("'CMAKE_INTDIR=\"$(CONFIGURATION)$(EFFECTIVE_PLATFORM_NAME)\"'", );
				GCC_SYMBOLS_PRIVATE_EXTERN = NO;
				HEADER_SEARCH_PATHS = ("/Users/BlueCocoa/Git/Project-Llama/llama_cpp/../llama_cpp/src", "/Users/BlueCocoa/Git/Project-Llama/llama_cpp/../llama_cpp/benchmark/google_benchmark/include", /usr/local/ssl/include, );
				INSTALL_PATH = "";
				LIBRARY_STYLE = STATIC;
				OTHER_CPLUSPLUSFLAGS = " -std=c++1z     ";
				OTHER_LIBTOOLFLAGS = " ";
				OTHER_REZFLAGS = "";
				PRODUCT_NAME = llama;
				SECTORDER_FLAGS = "";
				SYMROOT = "/Users/BlueCocoa/Git/Project-Llama/llama_cpp";
				USE_HEADERMAP = NO;
				WARNING_CFLAGS = ("-Wmost", "-Wno-four-char-constants", "-Wno-unknown-pragmas", "$(inherited)", );
			};
			name = Debug;
		};
		C21DBA30FC174CE9BD290875 /* Debug */ = {
			isa = XCBuildConfiguration;
			buildSettings = {
				COMBINE_HIDPI_IMAGES = YES;
				GCC_GENERATE_DEBUGGING_SYMBOLS = YES;
				GCC_INLINES_ARE_PRIVATE_EXTERN = NO;
				GCC_OPTIMIZATION_LEVEL = 0;
				GCC_PREPROCESSOR_DEFINITIONS = ("'CMAKE_INTDIR=\"$(CONFIGURATION)$(EFFECTIVE_PLATFORM_NAME)\"'", );
				GCC_SYMBOLS_PRIVATE_EXTERN = NO;
				HEADER_SEARCH_PATHS = ("/Users/BlueCocoa/Git/Project-Llama/llama_cpp/../llama_cpp/src", "/Users/BlueCocoa/Git/Project-Llama/llama_cpp/../llama_cpp/benchmark/google_benchmark/include", /usr/local/ssl/include, );
				INSTALL_PATH = "";
				OTHER_LDFLAGS = " ";
				OTHER_REZFLAGS = "";
				PRODUCT_NAME = ZERO_CHECK;
				SECTORDER_FLAGS = "";
				SYMROOT = "/Users/BlueCocoa/Git/Project-Llama/llama_cpp";
				USE_HEADERMAP = NO;
				WARNING_CFLAGS = ("-Wmost", "-Wno-four-char-constants", "-Wno-unknown-pragmas", "$(inherited)", );
			};
			name = Debug;
		};
		C401F3C85C66469AA5932E43 /* Release */ = {
			isa = XCBuildConfiguration;
			buildSettings = {
				ONLY_ACTIVE_ARCH = YES;
				SDKROOT = "/Applications/Xcode-beta.app/Contents/Developer/Platforms/MacOSX.platform/Developer/SDKs/MacOSX10.12.sdk";
				SYMROOT = "/Users/BlueCocoa/Git/Project-Llama/llama_cpp/build";
			};
			name = Release;
		};
		C889BB96027C4903AF287B2C /* MinSizeRel */ = {
			isa = XCBuildConfiguration;
			buildSettings = {
				ONLY_ACTIVE_ARCH = YES;
				SDKROOT = "/Applications/Xcode-beta.app/Contents/Developer/Platforms/MacOSX.platform/Developer/SDKs/MacOSX10.12.sdk";
				SYMROOT = "/Users/BlueCocoa/Git/Project-Llama/llama_cpp/build";
			};
			name = MinSizeRel;
		};
		CBD40EABD87A4062A7DBE89D /* RelWithDebInfo */ = {
			isa = XCBuildConfiguration;
			buildSettings = {
				COMBINE_HIDPI_IMAGES = YES;
				GCC_GENERATE_DEBUGGING_SYMBOLS = YES;
				GCC_INLINES_ARE_PRIVATE_EXTERN = NO;
				GCC_OPTIMIZATION_LEVEL = 0;
				GCC_PREPROCESSOR_DEFINITIONS = ("'CMAKE_INTDIR=\"$(CONFIGURATION)$(EFFECTIVE_PLATFORM_NAME)\"'", );
				GCC_SYMBOLS_PRIVATE_EXTERN = NO;
				HEADER_SEARCH_PATHS = ("/Users/BlueCocoa/Git/Project-Llama/llama_cpp/../llama_cpp/src", "/Users/BlueCocoa/Git/Project-Llama/llama_cpp/../llama_cpp/benchmark/google_benchmark/include", /usr/local/ssl/include, );
				INSTALL_PATH = "";
				OTHER_LDFLAGS = " ";
				OTHER_REZFLAGS = "";
				PRODUCT_NAME = RUN_TESTS;
				SECTORDER_FLAGS = "";
				SYMROOT = "/Users/BlueCocoa/Git/Project-Llama/llama_cpp";
				USE_HEADERMAP = NO;
				WARNING_CFLAGS = ("-Wmost", "-Wno-four-char-constants", "-Wno-unknown-pragmas", "$(inherited)", );
			};
			name = RelWithDebInfo;
		};
		EC172CD0142B4988A3075314 /* Release */ = {
			isa = XCBuildConfiguration;
			buildSettings = {
				COMBINE_HIDPI_IMAGES = YES;
				EXECUTABLE_PREFIX = lib;
				EXECUTABLE_SUFFIX = .a;
				GCC_GENERATE_DEBUGGING_SYMBOLS = NO;
				GCC_INLINES_ARE_PRIVATE_EXTERN = NO;
				GCC_OPTIMIZATION_LEVEL = 3;
				GCC_PREPROCESSOR_DEFINITIONS = ("'CMAKE_INTDIR=\"$(CONFIGURATION)$(EFFECTIVE_PLATFORM_NAME)\"'", );
				GCC_SYMBOLS_PRIVATE_EXTERN = NO;
				HEADER_SEARCH_PATHS = ("/Users/BlueCocoa/Git/Project-Llama/llama_cpp/../llama_cpp/src", "/Users/BlueCocoa/Git/Project-Llama/llama_cpp/../llama_cpp/benchmark/google_benchmark/include", /usr/local/ssl/include, );
				INSTALL_PATH = "";
				LIBRARY_STYLE = STATIC;
				OTHER_CPLUSPLUSFLAGS = " -std=c++1z     -DNDEBUG  ";
				OTHER_LIBTOOLFLAGS = " ";
				OTHER_REZFLAGS = "";
				PRODUCT_NAME = llama;
				SECTORDER_FLAGS = "";
				SYMROOT = "/Users/BlueCocoa/Git/Project-Llama/llama_cpp";
				USE_HEADERMAP = NO;
				WARNING_CFLAGS = ("-Wmost", "-Wno-four-char-constants", "-Wno-unknown-pragmas", "$(inherited)", );
			};
			name = Release;
		};
		F6D7E6C6AEE74AC8852121E4 /* Release */ = {
			isa = XCBuildConfiguration;
			buildSettings = {
				COMBINE_HIDPI_IMAGES = YES;
				GCC_GENERATE_DEBUGGING_SYMBOLS = YES;
				GCC_INLINES_ARE_PRIVATE_EXTERN = NO;
				GCC_OPTIMIZATION_LEVEL = 0;
				GCC_PREPROCESSOR_DEFINITIONS = ("'CMAKE_INTDIR=\"$(CONFIGURATION)$(EFFECTIVE_PLATFORM_NAME)\"'", );
				GCC_SYMBOLS_PRIVATE_EXTERN = NO;
				HEADER_SEARCH_PATHS = ("/Users/BlueCocoa/Git/Project-Llama/llama_cpp/../llama_cpp/src", "/Users/BlueCocoa/Git/Project-Llama/llama_cpp/../llama_cpp/benchmark/google_benchmark/include", /usr/local/ssl/include, );
				INSTALL_PATH = "";
				OTHER_LDFLAGS = " ";
				OTHER_REZFLAGS = "";
				PRODUCT_NAME = ZERO_CHECK;
				SECTORDER_FLAGS = "";
				SYMROOT = "/Users/BlueCocoa/Git/Project-Llama/llama_cpp";
				USE_HEADERMAP = NO;
				WARNING_CFLAGS = ("-Wmost", "-Wno-four-char-constants", "-Wno-unknown-pragmas", "$(inherited)", );
			};
			name = Release;
		};
/* End XCBuildConfiguration section */

/* Begin XCConfigurationList section */
		0DBF0DD180D34D76B102E123 /* Build configuration list for PBXAggregateTarget "ALL_BUILD" */ = {
			isa = XCConfigurationList;
			buildConfigurations = (
				971ECCB4FB8748CBADD64D4D /* Debug */,
				5CFF30AB00CC4BBDB7C63BA2 /* Release */,
				82132A1018DF4BC49C497F62 /* MinSizeRel */,
				AF2154A22E4B43978B9A44B2 /* RelWithDebInfo */,
			);
			defaultConfigurationIsVisible = 0;
			defaultConfigurationName = Debug;
		};
		4B087591F9A84B44A575ECDB /* Build configuration list for PBXAggregateTarget "ZERO_CHECK" */ = {
			isa = XCConfigurationList;
			buildConfigurations = (
				C21DBA30FC174CE9BD290875 /* Debug */,
				F6D7E6C6AEE74AC8852121E4 /* Release */,
				03DD5010A5064CF99D096016 /* MinSizeRel */,
				8605F560C6844B1EA4BCB00E /* RelWithDebInfo */,
			);
			defaultConfigurationIsVisible = 0;
			defaultConfigurationName = Debug;
		};
		B230B36DAAD94037AECB382B /* Build configuration list for PBXNativeTarget "llama" */ = {
			isa = XCConfigurationList;
			buildConfigurations = (
				B3E2B64375D540438FFE1F99 /* Debug */,
				EC172CD0142B4988A3075314 /* Release */,
				4FA63394743D4BAB8A6E07BF /* MinSizeRel */,
				924D7FDB89FA40809787D6A6 /* RelWithDebInfo */,
			);
			defaultConfigurationIsVisible = 0;
			defaultConfigurationName = Debug;
		};
		BB38B1619CCB4F3F802EC4D4 /* Build configuration list for PBXAggregateTarget "RUN_TESTS" */ = {
			isa = XCConfigurationList;
			buildConfigurations = (
				AE95554DA21F4C6084E2B987 /* Debug */,
				78986068E07F4DCD9A80C6BB /* Release */,
				B08C175BEA7140E2878F97A7 /* MinSizeRel */,
				CBD40EABD87A4062A7DBE89D /* RelWithDebInfo */,
			);
			defaultConfigurationIsVisible = 0;
			defaultConfigurationName = Debug;
		};
		EF82D30473194B26A0FCFE85 /* Build configuration list for PBXProject "llama_cpp" */ = {
			isa = XCConfigurationList;
			buildConfigurations = (
				14502176AF3F49CDA15D8D88 /* Debug */,
				C401F3C85C66469AA5932E43 /* Release */,
				C889BB96027C4903AF287B2C /* MinSizeRel */,
				57A4B92CCB314BD69F50FBC3 /* RelWithDebInfo */,
			);
			defaultConfigurationIsVisible = 0;
			defaultConfigurationName = Debug;
		};
/* End XCConfigurationList section */
	};
	rootObject = 421DBE08D45F43BBBCB25CE4 /* Project object */;
}
